// !$*UTF8*$!
{
	archiveVersion = 1;
	classes = {
	};
	objectVersion = 63;
	objects = {

/* Begin PBXBuildFile section */
		45091FDD2D1652F700EF8367 /* Kingfisher in Frameworks */ = {isa = PBXBuildFile; productRef = 45091FDC2D1652F700EF8367 /* Kingfisher */; };
		4598B9B02D22031C009FE677 /* Assets.xcassets in Resources */ = {isa = PBXBuildFile; fileRef = 4598B9942D22031C009FE677 /* Assets.xcassets */; };
		4598B9B72D22031C009FE677 /* String+Ext.swift in Sources */ = {isa = PBXBuildFile; fileRef = 4598B9872D22031C009FE677 /* String+Ext.swift */; };
		4598B9B82D22031C009FE677 /* UIColor+Ext.swift in Sources */ = {isa = PBXBuildFile; fileRef = 4598B9882D22031C009FE677 /* UIColor+Ext.swift */; };
		4598B9B92D22031C009FE677 /* UIFont+Ext.swift in Sources */ = {isa = PBXBuildFile; fileRef = 4598B9892D22031C009FE677 /* UIFont+Ext.swift */; };
		4598B9BB2D22031C009FE677 /* AlbumsResponse.swift in Sources */ = {isa = PBXBuildFile; fileRef = 4598B98C2D22031C009FE677 /* AlbumsResponse.swift */; };
		4598B9BC2D22031C009FE677 /* ArtistsResponse.swift in Sources */ = {isa = PBXBuildFile; fileRef = 4598B98D2D22031C009FE677 /* ArtistsResponse.swift */; };
		4598B9BD2D22031C009FE677 /* SpotifyToken.swift in Sources */ = {isa = PBXBuildFile; fileRef = 4598B98E2D22031C009FE677 /* SpotifyToken.swift */; };
		4598B9C12D22031C009FE677 /* HomeView.swift in Sources */ = {isa = PBXBuildFile; fileRef = 4598B9972D22031C009FE677 /* HomeView.swift */; };
		4598B9C22D22031C009FE677 /* HomeViewController.swift in Sources */ = {isa = PBXBuildFile; fileRef = 4598B9982D22031C009FE677 /* HomeViewController.swift */; };
		4598B9C42D22031C009FE677 /* AlbumsTableViewCell.swift in Sources */ = {isa = PBXBuildFile; fileRef = 4598B99B2D22031C009FE677 /* AlbumsTableViewCell.swift */; };
		4598B9C52D22031C009FE677 /* AlbumsView.swift in Sources */ = {isa = PBXBuildFile; fileRef = 4598B99C2D22031C009FE677 /* AlbumsView.swift */; };
		4598B9C62D22031C009FE677 /* AlbumsViewController.swift in Sources */ = {isa = PBXBuildFile; fileRef = 4598B99D2D22031C009FE677 /* AlbumsViewController.swift */; };
		4598B9C72D22031C009FE677 /* ArtistsTableViewCell.swift in Sources */ = {isa = PBXBuildFile; fileRef = 4598B99F2D22031C009FE677 /* ArtistsTableViewCell.swift */; };
		4598B9C82D22031C009FE677 /* ArtistsView.swift in Sources */ = {isa = PBXBuildFile; fileRef = 4598B9A02D22031C009FE677 /* ArtistsView.swift */; };
		4598B9C92D22031C009FE677 /* ArtistsViewController.swift in Sources */ = {isa = PBXBuildFile; fileRef = 4598B9A12D22031C009FE677 /* ArtistsViewController.swift */; };
		4598B9CC2D22031C009FE677 /* SplashScreenView.swift in Sources */ = {isa = PBXBuildFile; fileRef = 4598B9A52D22031C009FE677 /* SplashScreenView.swift */; };
		4598B9CD2D22031C009FE677 /* SplashScreenViewController.swift in Sources */ = {isa = PBXBuildFile; fileRef = 4598B9A62D22031C009FE677 /* SplashScreenViewController.swift */; };
		4598B9D02D22031C009FE677 /* AppDelegate.swift in Sources */ = {isa = PBXBuildFile; fileRef = 4598B9AC2D22031C009FE677 /* AppDelegate.swift */; };
		4598B9D12D22031C009FE677 /* SceneDelegate.swift in Sources */ = {isa = PBXBuildFile; fileRef = 4598B9AE2D22031C009FE677 /* SceneDelegate.swift */; };
		45A610102D370C800098494E /* SplashAppCoordinator.swift in Sources */ = {isa = PBXBuildFile; fileRef = 45A6100F2D370C800098494E /* SplashAppCoordinator.swift */; };
		45A610122D3717230098494E /* ArtistsCoordinator.swift in Sources */ = {isa = PBXBuildFile; fileRef = 45A610112D3717230098494E /* ArtistsCoordinator.swift */; };
		45BE04A82D45A2D800D61B3E /* ArtistsConfigurationTests.swift in Sources */ = {isa = PBXBuildFile; fileRef = 45BE04A72D45A2D800D61B3E /* ArtistsConfigurationTests.swift */; };
		45BE04AA2D45A75600D61B3E /* ArtistsRepositoryTests.swift in Sources */ = {isa = PBXBuildFile; fileRef = 45BE04A92D45A75000D61B3E /* ArtistsRepositoryTests.swift */; };
		45BE04AE2D45AFC300D61B3E /* NetworkSpy.swift in Sources */ = {isa = PBXBuildFile; fileRef = 45BE04AD2D45AFBF00D61B3E /* NetworkSpy.swift */; };
		45CD4FF52D45CADD000246C3 /* ArtistsResponseFixture.swift in Sources */ = {isa = PBXBuildFile; fileRef = 45CD4FF42D45CAD9000246C3 /* ArtistsResponseFixture.swift */; };
		45CD4FF82D45D398000246C3 /* NSErrorFixture.swift in Sources */ = {isa = PBXBuildFile; fileRef = 45CD4FF72D45D392000246C3 /* NSErrorFixture.swift */; };
		45CD4FFB2D45D751000246C3 /* ArtistsViewModelTests.swift in Sources */ = {isa = PBXBuildFile; fileRef = 45CD4FFA2D45D74E000246C3 /* ArtistsViewModelTests.swift */; };
		45CD4FFE2D45D7A1000246C3 /* ArtistsRepositorySpy.swift in Sources */ = {isa = PBXBuildFile; fileRef = 45CD4FFD2D45D7A1000246C3 /* ArtistsRepositorySpy.swift */; };
		45CD50002D45D929000246C3 /* ArtistsDisplaySpy.swift in Sources */ = {isa = PBXBuildFile; fileRef = 45CD4FFF2D45D91E000246C3 /* ArtistsDisplaySpy.swift */; };
		45CD50022D45DA6D000246C3 /* ArtistFixture.swift in Sources */ = {isa = PBXBuildFile; fileRef = 45CD50012D45DA6A000246C3 /* ArtistFixture.swift */; };
		45CD50072D46FE5A000246C3 /* ArtistsViewControllerTests.swift in Sources */ = {isa = PBXBuildFile; fileRef = 45CD50062D46FE56000246C3 /* ArtistsViewControllerTests.swift */; };
		45CD50092D4702C0000246C3 /* ArtistsViewSpy.swift in Sources */ = {isa = PBXBuildFile; fileRef = 45CD50082D4702B9000246C3 /* ArtistsViewSpy.swift */; };
		45CD500B2D4703D9000246C3 /* ArtistsViewModelSpy.swift in Sources */ = {isa = PBXBuildFile; fileRef = 45CD500A2D4703D5000246C3 /* ArtistsViewModelSpy.swift */; };
		45CD500D2D4706D6000246C3 /* ArtistsViewControllerDelegateSpy.swift in Sources */ = {isa = PBXBuildFile; fileRef = 45CD500C2D4706D3000246C3 /* ArtistsViewControllerDelegateSpy.swift */; };
		45CD50112D470DD2000246C3 /* AlbumsViewModelSpy.swift in Sources */ = {isa = PBXBuildFile; fileRef = 45CD50102D470DCF000246C3 /* AlbumsViewModelSpy.swift */; };
		45CD50132D470DF6000246C3 /* AlbumsViewSpy.swift in Sources */ = {isa = PBXBuildFile; fileRef = 45CD50122D470DF1000246C3 /* AlbumsViewSpy.swift */; };
		45CD50152D470E19000246C3 /* AlbumsDisplaySpy.swift in Sources */ = {isa = PBXBuildFile; fileRef = 45CD50142D470E13000246C3 /* AlbumsDisplaySpy.swift */; };
		45CD50172D470E3F000246C3 /* AlbumsRepositorySpy.swift in Sources */ = {isa = PBXBuildFile; fileRef = 45CD50162D470E3A000246C3 /* AlbumsRepositorySpy.swift */; };
		45CD501A2D470E83000246C3 /* AlbumsResponseFixture.swift in Sources */ = {isa = PBXBuildFile; fileRef = 45CD50192D470E80000246C3 /* AlbumsResponseFixture.swift */; };
		45CD501C2D470E8B000246C3 /* AlbumFixture.swift in Sources */ = {isa = PBXBuildFile; fileRef = 45CD501B2D470E89000246C3 /* AlbumFixture.swift */; };
		45CD50222D471701000246C3 /* AlbumsConfigurationTests.swift in Sources */ = {isa = PBXBuildFile; fileRef = 45CD50212D4716FE000246C3 /* AlbumsConfigurationTests.swift */; };
		45CD50242D47170A000246C3 /* AlbumsRepositoryTests.swift in Sources */ = {isa = PBXBuildFile; fileRef = 45CD50232D471707000246C3 /* AlbumsRepositoryTests.swift */; };
		45CD50262D471713000246C3 /* AlbumsViewModelTests.swift in Sources */ = {isa = PBXBuildFile; fileRef = 45CD50252D471711000246C3 /* AlbumsViewModelTests.swift */; };
		45CD50282D47171F000246C3 /* AlbumsViewControllerTests.swift in Sources */ = {isa = PBXBuildFile; fileRef = 45CD50272D47171C000246C3 /* AlbumsViewControllerTests.swift */; };
		45D7BE072D3B26B200010084 /* AlamofireNetworkRequest.swift in Sources */ = {isa = PBXBuildFile; fileRef = 45D7BE062D3B26B200010084 /* AlamofireNetworkRequest.swift */; };
		45D7BE0A2D3B2D5200010084 /* NetworkMethod.swift in Sources */ = {isa = PBXBuildFile; fileRef = 45D7BE092D3B2D5200010084 /* NetworkMethod.swift */; };
		45D7BE0C2D3B33C000010084 /* NetworkParameterEncoding.swift in Sources */ = {isa = PBXBuildFile; fileRef = 45D7BE0B2D3B33C000010084 /* NetworkParameterEncoding.swift */; };
		45D7BE0E2D3B461300010084 /* NetworkRequester.swift in Sources */ = {isa = PBXBuildFile; fileRef = 45D7BE0D2D3B461300010084 /* NetworkRequester.swift */; };
		45D97D902D3B5345007F2222 /* Network.swift in Sources */ = {isa = PBXBuildFile; fileRef = 45D97D8F2D3B5345007F2222 /* Network.swift */; };
		45D97D922D3B544B007F2222 /* NetworkRequestConfigurator.swift in Sources */ = {isa = PBXBuildFile; fileRef = 45D97D912D3B544B007F2222 /* NetworkRequestConfigurator.swift */; };
		45D97D942D3B5AAF007F2222 /* NetworkDeserialization.swift in Sources */ = {isa = PBXBuildFile; fileRef = 45D97D932D3B5AAF007F2222 /* NetworkDeserialization.swift */; };
		45D97D992D3C204C007F2222 /* SpotifyTokenConfiguration.swift in Sources */ = {isa = PBXBuildFile; fileRef = 45D97D982D3C204C007F2222 /* SpotifyTokenConfiguration.swift */; };
		45D97D9B2D3C2155007F2222 /* NetworkBaseURL.swift in Sources */ = {isa = PBXBuildFile; fileRef = 45D97D9A2D3C2155007F2222 /* NetworkBaseURL.swift */; };
		45D97DA62D3C380D007F2222 /* ArtistsRepository.swift in Sources */ = {isa = PBXBuildFile; fileRef = 45D97DA52D3C380D007F2222 /* ArtistsRepository.swift */; };
		45D97DA82D3C381B007F2222 /* ArtistsConfiguration.swift in Sources */ = {isa = PBXBuildFile; fileRef = 45D97DA72D3C381B007F2222 /* ArtistsConfiguration.swift */; };
		45D97DB02D3C45E9007F2222 /* AlbumsRepository.swift in Sources */ = {isa = PBXBuildFile; fileRef = 45D97DAF2D3C45E9007F2222 /* AlbumsRepository.swift */; };
		45D97DB22D3C45FC007F2222 /* AlbumsConfiguration.swift in Sources */ = {isa = PBXBuildFile; fileRef = 45D97DB12D3C45FC007F2222 /* AlbumsConfiguration.swift */; };
		45D97DBC2D3DD5FB007F2222 /* Artist.swift in Sources */ = {isa = PBXBuildFile; fileRef = 45D97DBB2D3DD5FB007F2222 /* Artist.swift */; };
		45D97DBE2D3DD89B007F2222 /* ArtistsViewModel.swift in Sources */ = {isa = PBXBuildFile; fileRef = 45D97DBD2D3DD89B007F2222 /* ArtistsViewModel.swift */; };
		45D97DC02D3F240C007F2222 /* AlbumsViewModel.swift in Sources */ = {isa = PBXBuildFile; fileRef = 45D97DBF2D3F240C007F2222 /* AlbumsViewModel.swift */; };
		45D97DC22D3F2547007F2222 /* Album.swift in Sources */ = {isa = PBXBuildFile; fileRef = 45D97DC12D3F2547007F2222 /* Album.swift */; };
		870E177E7E053CCE394D9A2E /* Pods_tune_finder_app.framework in Frameworks */ = {isa = PBXBuildFile; fileRef = B7CD7E85B46743176DEBD857 /* Pods_tune_finder_app.framework */; };
/* End PBXBuildFile section */

/* Begin PBXContainerItemProxy section */
		45C4FD012D44742700D447C8 /* PBXContainerItemProxy */ = {
			isa = PBXContainerItemProxy;
			containerPortal = 457856822D0F0C1D00998CB5 /* Project object */;
			proxyType = 1;
			remoteGlobalIDString = 457856892D0F0C1D00998CB5;
			remoteInfo = "tune-finder-app";
		};
/* End PBXContainerItemProxy section */

/* Begin PBXFileReference section */
		4578568A2D0F0C1D00998CB5 /* tune-finder-app.app */ = {isa = PBXFileReference; explicitFileType = wrapper.application; includeInIndex = 0; path = "tune-finder-app.app"; sourceTree = BUILT_PRODUCTS_DIR; };
		4598B9872D22031C009FE677 /* String+Ext.swift */ = {isa = PBXFileReference; lastKnownFileType = sourcecode.swift; path = "String+Ext.swift"; sourceTree = "<group>"; };
		4598B9882D22031C009FE677 /* UIColor+Ext.swift */ = {isa = PBXFileReference; lastKnownFileType = sourcecode.swift; path = "UIColor+Ext.swift"; sourceTree = "<group>"; };
		4598B9892D22031C009FE677 /* UIFont+Ext.swift */ = {isa = PBXFileReference; lastKnownFileType = sourcecode.swift; path = "UIFont+Ext.swift"; sourceTree = "<group>"; };
		4598B98C2D22031C009FE677 /* AlbumsResponse.swift */ = {isa = PBXFileReference; lastKnownFileType = sourcecode.swift; path = AlbumsResponse.swift; sourceTree = "<group>"; };
		4598B98D2D22031C009FE677 /* ArtistsResponse.swift */ = {isa = PBXFileReference; lastKnownFileType = sourcecode.swift; path = ArtistsResponse.swift; sourceTree = "<group>"; };
		4598B98E2D22031C009FE677 /* SpotifyToken.swift */ = {isa = PBXFileReference; lastKnownFileType = sourcecode.swift; path = SpotifyToken.swift; sourceTree = "<group>"; };
		4598B9942D22031C009FE677 /* Assets.xcassets */ = {isa = PBXFileReference; lastKnownFileType = folder.assetcatalog; path = Assets.xcassets; sourceTree = "<group>"; };
		4598B9972D22031C009FE677 /* HomeView.swift */ = {isa = PBXFileReference; lastKnownFileType = sourcecode.swift; path = HomeView.swift; sourceTree = "<group>"; };
		4598B9982D22031C009FE677 /* HomeViewController.swift */ = {isa = PBXFileReference; lastKnownFileType = sourcecode.swift; path = HomeViewController.swift; sourceTree = "<group>"; };
		4598B99B2D22031C009FE677 /* AlbumsTableViewCell.swift */ = {isa = PBXFileReference; lastKnownFileType = sourcecode.swift; path = AlbumsTableViewCell.swift; sourceTree = "<group>"; };
		4598B99C2D22031C009FE677 /* AlbumsView.swift */ = {isa = PBXFileReference; lastKnownFileType = sourcecode.swift; path = AlbumsView.swift; sourceTree = "<group>"; };
		4598B99D2D22031C009FE677 /* AlbumsViewController.swift */ = {isa = PBXFileReference; lastKnownFileType = sourcecode.swift; path = AlbumsViewController.swift; sourceTree = "<group>"; };
		4598B99F2D22031C009FE677 /* ArtistsTableViewCell.swift */ = {isa = PBXFileReference; lastKnownFileType = sourcecode.swift; path = ArtistsTableViewCell.swift; sourceTree = "<group>"; };
		4598B9A02D22031C009FE677 /* ArtistsView.swift */ = {isa = PBXFileReference; lastKnownFileType = sourcecode.swift; path = ArtistsView.swift; sourceTree = "<group>"; };
		4598B9A12D22031C009FE677 /* ArtistsViewController.swift */ = {isa = PBXFileReference; lastKnownFileType = sourcecode.swift; path = ArtistsViewController.swift; sourceTree = "<group>"; };
		4598B9A52D22031C009FE677 /* SplashScreenView.swift */ = {isa = PBXFileReference; lastKnownFileType = sourcecode.swift; path = SplashScreenView.swift; sourceTree = "<group>"; };
		4598B9A62D22031C009FE677 /* SplashScreenViewController.swift */ = {isa = PBXFileReference; lastKnownFileType = sourcecode.swift; path = SplashScreenViewController.swift; sourceTree = "<group>"; };
		4598B9AC2D22031C009FE677 /* AppDelegate.swift */ = {isa = PBXFileReference; lastKnownFileType = sourcecode.swift; path = AppDelegate.swift; sourceTree = "<group>"; };
		4598B9AD2D22031C009FE677 /* Info.plist */ = {isa = PBXFileReference; lastKnownFileType = text.plist.xml; path = Info.plist; sourceTree = "<group>"; };
		4598B9AE2D22031C009FE677 /* SceneDelegate.swift */ = {isa = PBXFileReference; lastKnownFileType = sourcecode.swift; path = SceneDelegate.swift; sourceTree = "<group>"; };
		45A6100F2D370C800098494E /* SplashAppCoordinator.swift */ = {isa = PBXFileReference; lastKnownFileType = sourcecode.swift; path = SplashAppCoordinator.swift; sourceTree = "<group>"; };
		45A610112D3717230098494E /* ArtistsCoordinator.swift */ = {isa = PBXFileReference; lastKnownFileType = sourcecode.swift; path = ArtistsCoordinator.swift; sourceTree = "<group>"; };
		45BE04A72D45A2D800D61B3E /* ArtistsConfigurationTests.swift */ = {isa = PBXFileReference; lastKnownFileType = sourcecode.swift; path = ArtistsConfigurationTests.swift; sourceTree = "<group>"; };
		45BE04A92D45A75000D61B3E /* ArtistsRepositoryTests.swift */ = {isa = PBXFileReference; lastKnownFileType = sourcecode.swift; path = ArtistsRepositoryTests.swift; sourceTree = "<group>"; };
		45BE04AD2D45AFBF00D61B3E /* NetworkSpy.swift */ = {isa = PBXFileReference; lastKnownFileType = sourcecode.swift; path = NetworkSpy.swift; sourceTree = "<group>"; };
		45C4FCFD2D44742700D447C8 /* tune-finder-app-tests.xctest */ = {isa = PBXFileReference; explicitFileType = wrapper.cfbundle; includeInIndex = 0; path = "tune-finder-app-tests.xctest"; sourceTree = BUILT_PRODUCTS_DIR; };
		45CD4FF42D45CAD9000246C3 /* ArtistsResponseFixture.swift */ = {isa = PBXFileReference; lastKnownFileType = sourcecode.swift; path = ArtistsResponseFixture.swift; sourceTree = "<group>"; };
		45CD4FF72D45D392000246C3 /* NSErrorFixture.swift */ = {isa = PBXFileReference; lastKnownFileType = sourcecode.swift; path = NSErrorFixture.swift; sourceTree = "<group>"; };
		45CD4FFA2D45D74E000246C3 /* ArtistsViewModelTests.swift */ = {isa = PBXFileReference; lastKnownFileType = sourcecode.swift; path = ArtistsViewModelTests.swift; sourceTree = "<group>"; };
		45CD4FFD2D45D7A1000246C3 /* ArtistsRepositorySpy.swift */ = {isa = PBXFileReference; lastKnownFileType = sourcecode.swift; path = ArtistsRepositorySpy.swift; sourceTree = "<group>"; };
		45CD4FFF2D45D91E000246C3 /* ArtistsDisplaySpy.swift */ = {isa = PBXFileReference; lastKnownFileType = sourcecode.swift; path = ArtistsDisplaySpy.swift; sourceTree = "<group>"; };
		45CD50012D45DA6A000246C3 /* ArtistFixture.swift */ = {isa = PBXFileReference; lastKnownFileType = sourcecode.swift; path = ArtistFixture.swift; sourceTree = "<group>"; };
		45CD50062D46FE56000246C3 /* ArtistsViewControllerTests.swift */ = {isa = PBXFileReference; lastKnownFileType = sourcecode.swift; path = ArtistsViewControllerTests.swift; sourceTree = "<group>"; };
		45CD50082D4702B9000246C3 /* ArtistsViewSpy.swift */ = {isa = PBXFileReference; lastKnownFileType = sourcecode.swift; path = ArtistsViewSpy.swift; sourceTree = "<group>"; };
		45CD500A2D4703D5000246C3 /* ArtistsViewModelSpy.swift */ = {isa = PBXFileReference; lastKnownFileType = sourcecode.swift; path = ArtistsViewModelSpy.swift; sourceTree = "<group>"; };
		45CD500C2D4706D3000246C3 /* ArtistsViewControllerDelegateSpy.swift */ = {isa = PBXFileReference; lastKnownFileType = sourcecode.swift; path = ArtistsViewControllerDelegateSpy.swift; sourceTree = "<group>"; };
		45CD50102D470DCF000246C3 /* AlbumsViewModelSpy.swift */ = {isa = PBXFileReference; lastKnownFileType = sourcecode.swift; path = AlbumsViewModelSpy.swift; sourceTree = "<group>"; };
		45CD50122D470DF1000246C3 /* AlbumsViewSpy.swift */ = {isa = PBXFileReference; lastKnownFileType = sourcecode.swift; path = AlbumsViewSpy.swift; sourceTree = "<group>"; };
		45CD50142D470E13000246C3 /* AlbumsDisplaySpy.swift */ = {isa = PBXFileReference; lastKnownFileType = sourcecode.swift; path = AlbumsDisplaySpy.swift; sourceTree = "<group>"; };
		45CD50162D470E3A000246C3 /* AlbumsRepositorySpy.swift */ = {isa = PBXFileReference; lastKnownFileType = sourcecode.swift; path = AlbumsRepositorySpy.swift; sourceTree = "<group>"; };
		45CD50192D470E80000246C3 /* AlbumsResponseFixture.swift */ = {isa = PBXFileReference; lastKnownFileType = sourcecode.swift; path = AlbumsResponseFixture.swift; sourceTree = "<group>"; };
		45CD501B2D470E89000246C3 /* AlbumFixture.swift */ = {isa = PBXFileReference; lastKnownFileType = sourcecode.swift; path = AlbumFixture.swift; sourceTree = "<group>"; };
		45CD50212D4716FE000246C3 /* AlbumsConfigurationTests.swift */ = {isa = PBXFileReference; lastKnownFileType = sourcecode.swift; path = AlbumsConfigurationTests.swift; sourceTree = "<group>"; };
		45CD50232D471707000246C3 /* AlbumsRepositoryTests.swift */ = {isa = PBXFileReference; lastKnownFileType = sourcecode.swift; path = AlbumsRepositoryTests.swift; sourceTree = "<group>"; };
		45CD50252D471711000246C3 /* AlbumsViewModelTests.swift */ = {isa = PBXFileReference; lastKnownFileType = sourcecode.swift; path = AlbumsViewModelTests.swift; sourceTree = "<group>"; };
		45CD50272D47171C000246C3 /* AlbumsViewControllerTests.swift */ = {isa = PBXFileReference; lastKnownFileType = sourcecode.swift; path = AlbumsViewControllerTests.swift; sourceTree = "<group>"; };
		45D7BE062D3B26B200010084 /* AlamofireNetworkRequest.swift */ = {isa = PBXFileReference; lastKnownFileType = sourcecode.swift; path = AlamofireNetworkRequest.swift; sourceTree = "<group>"; };
		45D7BE092D3B2D5200010084 /* NetworkMethod.swift */ = {isa = PBXFileReference; lastKnownFileType = sourcecode.swift; path = NetworkMethod.swift; sourceTree = "<group>"; };
		45D7BE0B2D3B33C000010084 /* NetworkParameterEncoding.swift */ = {isa = PBXFileReference; lastKnownFileType = sourcecode.swift; path = NetworkParameterEncoding.swift; sourceTree = "<group>"; };
		45D7BE0D2D3B461300010084 /* NetworkRequester.swift */ = {isa = PBXFileReference; lastKnownFileType = sourcecode.swift; path = NetworkRequester.swift; sourceTree = "<group>"; };
		45D97D8F2D3B5345007F2222 /* Network.swift */ = {isa = PBXFileReference; lastKnownFileType = sourcecode.swift; path = Network.swift; sourceTree = "<group>"; };
		45D97D912D3B544B007F2222 /* NetworkRequestConfigurator.swift */ = {isa = PBXFileReference; lastKnownFileType = sourcecode.swift; path = NetworkRequestConfigurator.swift; sourceTree = "<group>"; };
		45D97D932D3B5AAF007F2222 /* NetworkDeserialization.swift */ = {isa = PBXFileReference; lastKnownFileType = sourcecode.swift; path = NetworkDeserialization.swift; sourceTree = "<group>"; };
		45D97D982D3C204C007F2222 /* SpotifyTokenConfiguration.swift */ = {isa = PBXFileReference; lastKnownFileType = sourcecode.swift; path = SpotifyTokenConfiguration.swift; sourceTree = "<group>"; };
		45D97D9A2D3C2155007F2222 /* NetworkBaseURL.swift */ = {isa = PBXFileReference; lastKnownFileType = sourcecode.swift; path = NetworkBaseURL.swift; sourceTree = "<group>"; };
		45D97DA52D3C380D007F2222 /* ArtistsRepository.swift */ = {isa = PBXFileReference; lastKnownFileType = sourcecode.swift; path = ArtistsRepository.swift; sourceTree = "<group>"; };
		45D97DA72D3C381B007F2222 /* ArtistsConfiguration.swift */ = {isa = PBXFileReference; lastKnownFileType = sourcecode.swift; path = ArtistsConfiguration.swift; sourceTree = "<group>"; };
		45D97DAF2D3C45E9007F2222 /* AlbumsRepository.swift */ = {isa = PBXFileReference; lastKnownFileType = sourcecode.swift; path = AlbumsRepository.swift; sourceTree = "<group>"; };
		45D97DB12D3C45FC007F2222 /* AlbumsConfiguration.swift */ = {isa = PBXFileReference; lastKnownFileType = sourcecode.swift; path = AlbumsConfiguration.swift; sourceTree = "<group>"; };
		45D97DBB2D3DD5FB007F2222 /* Artist.swift */ = {isa = PBXFileReference; lastKnownFileType = sourcecode.swift; path = Artist.swift; sourceTree = "<group>"; };
		45D97DBD2D3DD89B007F2222 /* ArtistsViewModel.swift */ = {isa = PBXFileReference; lastKnownFileType = sourcecode.swift; path = ArtistsViewModel.swift; sourceTree = "<group>"; };
		45D97DBF2D3F240C007F2222 /* AlbumsViewModel.swift */ = {isa = PBXFileReference; lastKnownFileType = sourcecode.swift; path = AlbumsViewModel.swift; sourceTree = "<group>"; };
		45D97DC12D3F2547007F2222 /* Album.swift */ = {isa = PBXFileReference; lastKnownFileType = sourcecode.swift; path = Album.swift; sourceTree = "<group>"; };
		A7A594776749DEE1ECE0E2BF /* Pods-tune-finder-app.debug.xcconfig */ = {isa = PBXFileReference; includeInIndex = 1; lastKnownFileType = text.xcconfig; name = "Pods-tune-finder-app.debug.xcconfig"; path = "Target Support Files/Pods-tune-finder-app/Pods-tune-finder-app.debug.xcconfig"; sourceTree = "<group>"; };
		B7CD7E85B46743176DEBD857 /* Pods_tune_finder_app.framework */ = {isa = PBXFileReference; explicitFileType = wrapper.framework; includeInIndex = 0; path = Pods_tune_finder_app.framework; sourceTree = BUILT_PRODUCTS_DIR; };
		BA31235967B3E2A85B513233 /* Pods-tune-finder-app.release.xcconfig */ = {isa = PBXFileReference; includeInIndex = 1; lastKnownFileType = text.xcconfig; name = "Pods-tune-finder-app.release.xcconfig"; path = "Target Support Files/Pods-tune-finder-app/Pods-tune-finder-app.release.xcconfig"; sourceTree = "<group>"; };
/* End PBXFileReference section */

/* Begin PBXFrameworksBuildPhase section */
		457856872D0F0C1D00998CB5 /* Frameworks */ = {
			isa = PBXFrameworksBuildPhase;
			buildActionMask = 2147483647;
			files = (
				45091FDD2D1652F700EF8367 /* Kingfisher in Frameworks */,
				870E177E7E053CCE394D9A2E /* Pods_tune_finder_app.framework in Frameworks */,
			);
			runOnlyForDeploymentPostprocessing = 0;
		};
		45C4FCFA2D44742700D447C8 /* Frameworks */ = {
			isa = PBXFrameworksBuildPhase;
			buildActionMask = 2147483647;
			files = (
			);
			runOnlyForDeploymentPostprocessing = 0;
		};
/* End PBXFrameworksBuildPhase section */

/* Begin PBXGroup section */
		00A1A34DC3087800E8B28077 /* Pods */ = {
			isa = PBXGroup;
			children = (
				A7A594776749DEE1ECE0E2BF /* Pods-tune-finder-app.debug.xcconfig */,
				BA31235967B3E2A85B513233 /* Pods-tune-finder-app.release.xcconfig */,
			);
			path = Pods;
			sourceTree = "<group>";
		};
		455A35312D13294F00CE3737 /* Frameworks */ = {
			isa = PBXGroup;
			children = (
				B7CD7E85B46743176DEBD857 /* Pods_tune_finder_app.framework */,
			);
			name = Frameworks;
			sourceTree = "<group>";
		};
		457856812D0F0C1D00998CB5 = {
			isa = PBXGroup;
			children = (
				4598B9AF2D22031C009FE677 /* tune-finder-app */,
				45C4FD072D44744200D447C8 /* tune-finder-app-tests */,
				455A35312D13294F00CE3737 /* Frameworks */,
				4578568B2D0F0C1D00998CB5 /* Products */,
				00A1A34DC3087800E8B28077 /* Pods */,
			);
			sourceTree = "<group>";
		};
		4578568B2D0F0C1D00998CB5 /* Products */ = {
			isa = PBXGroup;
			children = (
				4578568A2D0F0C1D00998CB5 /* tune-finder-app.app */,
				45C4FCFD2D44742700D447C8 /* tune-finder-app-tests.xctest */,
			);
			name = Products;
			sourceTree = "<group>";
		};
		4598B98B2D22031C009FE677 /* Extensions */ = {
			isa = PBXGroup;
			children = (
				4598B9872D22031C009FE677 /* String+Ext.swift */,
				4598B9882D22031C009FE677 /* UIColor+Ext.swift */,
				4598B9892D22031C009FE677 /* UIFont+Ext.swift */,
			);
			path = Extensions;
			sourceTree = "<group>";
		};
		4598B9932D22031C009FE677 /* Network */ = {
			isa = PBXGroup;
			children = (
				45D7BE082D3B28F100010084 /* Commons */,
				45D7BE052D3B268D00010084 /* Providers */,
				45D97D952D3C1F68007F2222 /* SpotifyToken */,
				45D97D8F2D3B5345007F2222 /* Network.swift */,
			);
			path = Network;
			sourceTree = "<group>";
		};
		4598B9952D22031C009FE677 /* Resources */ = {
			isa = PBXGroup;
			children = (
				4598B9942D22031C009FE677 /* Assets.xcassets */,
			);
			path = Resources;
			sourceTree = "<group>";
		};
		4598B9AF2D22031C009FE677 /* tune-finder-app */ = {
			isa = PBXGroup;
			children = (
				45D97D9E2D3C3740007F2222 /* Features */,
				4598B9932D22031C009FE677 /* Network */,
				4598B98B2D22031C009FE677 /* Extensions */,
				4598B9952D22031C009FE677 /* Resources */,
				4598B9AC2D22031C009FE677 /* AppDelegate.swift */,
				4598B9AD2D22031C009FE677 /* Info.plist */,
				4598B9AE2D22031C009FE677 /* SceneDelegate.swift */,
			);
			path = "tune-finder-app";
			sourceTree = "<group>";
		};
		45BE04AB2D45AF3800D61B3E /* Network */ = {
			isa = PBXGroup;
			children = (
				45CD4FF62D45D353000246C3 /* Fixture */,
				45BE04AC2D45AFBA00D61B3E /* Doubles */,
			);
			path = Network;
			sourceTree = "<group>";
		};
		45BE04AC2D45AFBA00D61B3E /* Doubles */ = {
			isa = PBXGroup;
			children = (
				45BE04AD2D45AFBF00D61B3E /* NetworkSpy.swift */,
			);
			path = Doubles;
			sourceTree = "<group>";
		};
		45C4FD072D44744200D447C8 /* tune-finder-app-tests */ = {
			isa = PBXGroup;
			children = (
				45C4FD092D44745F00D447C8 /* Features */,
				45BE04AB2D45AF3800D61B3E /* Network */,
			);
			path = "tune-finder-app-tests";
			sourceTree = "<group>";
		};
		45C4FD092D44745F00D447C8 /* Features */ = {
			isa = PBXGroup;
			children = (
				45C4FD0A2D44747500D447C8 /* Artists */,
				45CD500E2D470D4C000246C3 /* Albums */,
			);
			path = Features;
			sourceTree = "<group>";
		};
		45C4FD0A2D44747500D447C8 /* Artists */ = {
			isa = PBXGroup;
			children = (
				45C4FD0C2D4474DC00D447C8 /* Doubles */,
				45CD4FF32D45CAAC000246C3 /* Fixtures */,
				45C4FD0B2D44748700D447C8 /* Repository */,
				45CD4FF92D45D742000246C3 /* ViewModel */,
				45CD50052D46FE3A000246C3 /* ViewController */,
			);
			path = Artists;
			sourceTree = "<group>";
		};
		45C4FD0B2D44748700D447C8 /* Repository */ = {
			isa = PBXGroup;
			children = (
				45BE04A92D45A75000D61B3E /* ArtistsRepositoryTests.swift */,
				45BE04A72D45A2D800D61B3E /* ArtistsConfigurationTests.swift */,
			);
			path = Repository;
			sourceTree = "<group>";
		};
		45C4FD0C2D4474DC00D447C8 /* Doubles */ = {
			isa = PBXGroup;
			children = (
				45CD500C2D4706D3000246C3 /* ArtistsViewControllerDelegateSpy.swift */,
				45CD500A2D4703D5000246C3 /* ArtistsViewModelSpy.swift */,
				45CD50082D4702B9000246C3 /* ArtistsViewSpy.swift */,
				45CD4FFF2D45D91E000246C3 /* ArtistsDisplaySpy.swift */,
				45CD4FFD2D45D7A1000246C3 /* ArtistsRepositorySpy.swift */,
			);
			path = Doubles;
			sourceTree = "<group>";
		};
		45CD4FF32D45CAAC000246C3 /* Fixtures */ = {
			isa = PBXGroup;
			children = (
				45CD4FF42D45CAD9000246C3 /* ArtistsResponseFixture.swift */,
				45CD50012D45DA6A000246C3 /* ArtistFixture.swift */,
			);
			path = Fixtures;
			sourceTree = "<group>";
		};
		45CD4FF62D45D353000246C3 /* Fixture */ = {
			isa = PBXGroup;
			children = (
				45CD4FF72D45D392000246C3 /* NSErrorFixture.swift */,
			);
			path = Fixture;
			sourceTree = "<group>";
		};
		45CD4FF92D45D742000246C3 /* ViewModel */ = {
			isa = PBXGroup;
			children = (
				45CD4FFA2D45D74E000246C3 /* ArtistsViewModelTests.swift */,
			);
			path = ViewModel;
			sourceTree = "<group>";
		};
		45CD50052D46FE3A000246C3 /* ViewController */ = {
			isa = PBXGroup;
			children = (
				45CD50062D46FE56000246C3 /* ArtistsViewControllerTests.swift */,
			);
			path = ViewController;
			sourceTree = "<group>";
		};
		45CD500E2D470D4C000246C3 /* Albums */ = {
			isa = PBXGroup;
			children = (
				45CD500F2D470D5C000246C3 /* Doubles */,
				45CD50182D470E6E000246C3 /* Fixtures */,
				45CD501D2D4716CA000246C3 /* Repository */,
				45CD501E2D4716D3000246C3 /* ViewModel */,
				45CD501F2D4716DF000246C3 /* ViewController */,
			);
			path = Albums;
			sourceTree = "<group>";
		};
		45CD500F2D470D5C000246C3 /* Doubles */ = {
			isa = PBXGroup;
			children = (
				45CD50102D470DCF000246C3 /* AlbumsViewModelSpy.swift */,
				45CD50122D470DF1000246C3 /* AlbumsViewSpy.swift */,
				45CD50142D470E13000246C3 /* AlbumsDisplaySpy.swift */,
				45CD50162D470E3A000246C3 /* AlbumsRepositorySpy.swift */,
			);
			path = Doubles;
			sourceTree = "<group>";
		};
		45CD50182D470E6E000246C3 /* Fixtures */ = {
			isa = PBXGroup;
			children = (
				45CD50192D470E80000246C3 /* AlbumsResponseFixture.swift */,
				45CD501B2D470E89000246C3 /* AlbumFixture.swift */,
			);
			path = Fixtures;
			sourceTree = "<group>";
		};
		45CD501D2D4716CA000246C3 /* Repository */ = {
			isa = PBXGroup;
			children = (
				45CD50232D471707000246C3 /* AlbumsRepositoryTests.swift */,
				45CD50212D4716FE000246C3 /* AlbumsConfigurationTests.swift */,
			);
			path = Repository;
			sourceTree = "<group>";
		};
		45CD501E2D4716D3000246C3 /* ViewModel */ = {
			isa = PBXGroup;
			children = (
				45CD50252D471711000246C3 /* AlbumsViewModelTests.swift */,
			);
			path = ViewModel;
			sourceTree = "<group>";
		};
		45CD501F2D4716DF000246C3 /* ViewController */ = {
			isa = PBXGroup;
			children = (
				45CD50272D47171C000246C3 /* AlbumsViewControllerTests.swift */,
			);
			path = ViewController;
			sourceTree = "<group>";
		};
		45D7BE052D3B268D00010084 /* Providers */ = {
			isa = PBXGroup;
			children = (
				45D7BE062D3B26B200010084 /* AlamofireNetworkRequest.swift */,
				45D7BE0D2D3B461300010084 /* NetworkRequester.swift */,
			);
			path = Providers;
			sourceTree = "<group>";
		};
		45D7BE082D3B28F100010084 /* Commons */ = {
			isa = PBXGroup;
			children = (
				45D7BE092D3B2D5200010084 /* NetworkMethod.swift */,
				45D7BE0B2D3B33C000010084 /* NetworkParameterEncoding.swift */,
				45D97D912D3B544B007F2222 /* NetworkRequestConfigurator.swift */,
				45D97D932D3B5AAF007F2222 /* NetworkDeserialization.swift */,
				45D97D9A2D3C2155007F2222 /* NetworkBaseURL.swift */,
			);
			path = Commons;
			sourceTree = "<group>";
		};
		45D97D952D3C1F68007F2222 /* SpotifyToken */ = {
			isa = PBXGroup;
			children = (
				45D97D972D3C2022007F2222 /* Configuration */,
				45D97D962D3C201A007F2222 /* Model */,
			);
			path = SpotifyToken;
			sourceTree = "<group>";
		};
		45D97D962D3C201A007F2222 /* Model */ = {
			isa = PBXGroup;
			children = (
				4598B98E2D22031C009FE677 /* SpotifyToken.swift */,
			);
			path = Model;
			sourceTree = "<group>";
		};
		45D97D972D3C2022007F2222 /* Configuration */ = {
			isa = PBXGroup;
			children = (
				45D97D982D3C204C007F2222 /* SpotifyTokenConfiguration.swift */,
			);
			path = Configuration;
			sourceTree = "<group>";
		};
		45D97D9E2D3C3740007F2222 /* Features */ = {
			isa = PBXGroup;
			children = (
				45D97DB32D3DC579007F2222 /* Splash */,
				45D97DB82D3DC612007F2222 /* Home */,
				45D97D9F2D3C3749007F2222 /* Artists */,
				45D97DA92D3C44F8007F2222 /* Albums */,
			);
			path = Features;
			sourceTree = "<group>";
		};
		45D97D9F2D3C3749007F2222 /* Artists */ = {
			isa = PBXGroup;
			children = (
				45D97DA02D3C3756007F2222 /* Model */,
				45D97DA12D3C375B007F2222 /* Repository */,
				45D97DA22D3C3763007F2222 /* Coordinator */,
				45D97DA32D3C376B007F2222 /* ViewModel */,
				45D97DA42D3C3773007F2222 /* Views */,
			);
			path = Artists;
			sourceTree = "<group>";
		};
		45D97DA02D3C3756007F2222 /* Model */ = {
			isa = PBXGroup;
			children = (
				4598B98D2D22031C009FE677 /* ArtistsResponse.swift */,
				45D97DBB2D3DD5FB007F2222 /* Artist.swift */,
			);
			path = Model;
			sourceTree = "<group>";
		};
		45D97DA12D3C375B007F2222 /* Repository */ = {
			isa = PBXGroup;
			children = (
				45D97DA52D3C380D007F2222 /* ArtistsRepository.swift */,
				45D97DA72D3C381B007F2222 /* ArtistsConfiguration.swift */,
			);
			path = Repository;
			sourceTree = "<group>";
		};
		45D97DA22D3C3763007F2222 /* Coordinator */ = {
			isa = PBXGroup;
			children = (
				45A610112D3717230098494E /* ArtistsCoordinator.swift */,
			);
			path = Coordinator;
			sourceTree = "<group>";
		};
		45D97DA32D3C376B007F2222 /* ViewModel */ = {
			isa = PBXGroup;
			children = (
				45D97DBD2D3DD89B007F2222 /* ArtistsViewModel.swift */,
			);
			path = ViewModel;
			sourceTree = "<group>";
		};
		45D97DA42D3C3773007F2222 /* Views */ = {
			isa = PBXGroup;
			children = (
				4598B99F2D22031C009FE677 /* ArtistsTableViewCell.swift */,
				4598B9A02D22031C009FE677 /* ArtistsView.swift */,
				4598B9A12D22031C009FE677 /* ArtistsViewController.swift */,
			);
			path = Views;
			sourceTree = "<group>";
		};
		45D97DA92D3C44F8007F2222 /* Albums */ = {
			isa = PBXGroup;
			children = (
				45D97DAA2D3C450C007F2222 /* Model */,
				45D97DAB2D3C4513007F2222 /* Repository */,
				45D97DAD2D3C4525007F2222 /* ViewModel */,
				45D97DAC2D3C451E007F2222 /* Views */,
			);
			path = Albums;
			sourceTree = "<group>";
		};
		45D97DAA2D3C450C007F2222 /* Model */ = {
			isa = PBXGroup;
			children = (
				4598B98C2D22031C009FE677 /* AlbumsResponse.swift */,
				45D97DC12D3F2547007F2222 /* Album.swift */,
			);
			path = Model;
			sourceTree = "<group>";
		};
		45D97DAB2D3C4513007F2222 /* Repository */ = {
			isa = PBXGroup;
			children = (
				45D97DAF2D3C45E9007F2222 /* AlbumsRepository.swift */,
				45D97DB12D3C45FC007F2222 /* AlbumsConfiguration.swift */,
			);
			path = Repository;
			sourceTree = "<group>";
		};
		45D97DAC2D3C451E007F2222 /* Views */ = {
			isa = PBXGroup;
			children = (
				4598B99B2D22031C009FE677 /* AlbumsTableViewCell.swift */,
				4598B99C2D22031C009FE677 /* AlbumsView.swift */,
				4598B99D2D22031C009FE677 /* AlbumsViewController.swift */,
			);
			path = Views;
			sourceTree = "<group>";
		};
		45D97DAD2D3C4525007F2222 /* ViewModel */ = {
			isa = PBXGroup;
			children = (
				45D97DBF2D3F240C007F2222 /* AlbumsViewModel.swift */,
			);
			path = ViewModel;
			sourceTree = "<group>";
		};
		45D97DB32D3DC579007F2222 /* Splash */ = {
			isa = PBXGroup;
			children = (
				45D97DB72D3DC5BE007F2222 /* Coordinator */,
				45D97DB52D3DC5A8007F2222 /* Views */,
			);
			path = Splash;
			sourceTree = "<group>";
		};
		45D97DB52D3DC5A8007F2222 /* Views */ = {
			isa = PBXGroup;
			children = (
				4598B9A52D22031C009FE677 /* SplashScreenView.swift */,
				4598B9A62D22031C009FE677 /* SplashScreenViewController.swift */,
			);
			path = Views;
			sourceTree = "<group>";
		};
		45D97DB72D3DC5BE007F2222 /* Coordinator */ = {
			isa = PBXGroup;
			children = (
				45A6100F2D370C800098494E /* SplashAppCoordinator.swift */,
			);
			path = Coordinator;
			sourceTree = "<group>";
		};
		45D97DB82D3DC612007F2222 /* Home */ = {
			isa = PBXGroup;
			children = (
				45D97DB92D3DC619007F2222 /* Views */,
			);
			path = Home;
			sourceTree = "<group>";
		};
		45D97DB92D3DC619007F2222 /* Views */ = {
			isa = PBXGroup;
			children = (
				4598B9972D22031C009FE677 /* HomeView.swift */,
				4598B9982D22031C009FE677 /* HomeViewController.swift */,
			);
			path = Views;
			sourceTree = "<group>";
		};
/* End PBXGroup section */

/* Begin PBXNativeTarget section */
		457856892D0F0C1D00998CB5 /* tune-finder-app */ = {
			isa = PBXNativeTarget;
			buildConfigurationList = 4578569D2D0F0C1F00998CB5 /* Build configuration list for PBXNativeTarget "tune-finder-app" */;
			buildPhases = (
				0BED3AC484CBE90CF6432521 /* [CP] Check Pods Manifest.lock */,
				457856862D0F0C1D00998CB5 /* Sources */,
				457856872D0F0C1D00998CB5 /* Frameworks */,
				457856882D0F0C1D00998CB5 /* Resources */,
				291E9508AED3AE17AFBD89C5 /* [CP] Embed Pods Frameworks */,
			);
			buildRules = (
			);
			dependencies = (
			);
			name = "tune-finder-app";
			packageProductDependencies = (
				45091FDC2D1652F700EF8367 /* Kingfisher */,
			);
			productName = "tune-finder-app";
			productReference = 4578568A2D0F0C1D00998CB5 /* tune-finder-app.app */;
			productType = "com.apple.product-type.application";
		};
		45C4FCFC2D44742700D447C8 /* tune-finder-app-tests */ = {
			isa = PBXNativeTarget;
			buildConfigurationList = 45C4FD032D44742700D447C8 /* Build configuration list for PBXNativeTarget "tune-finder-app-tests" */;
			buildPhases = (
				45C4FCF92D44742700D447C8 /* Sources */,
				45C4FCFA2D44742700D447C8 /* Frameworks */,
				45C4FCFB2D44742700D447C8 /* Resources */,
			);
			buildRules = (
			);
			dependencies = (
				45C4FD022D44742700D447C8 /* PBXTargetDependency */,
			);
			name = "tune-finder-app-tests";
			packageProductDependencies = (
			);
			productName = "tune-finder-app-tests";
			productReference = 45C4FCFD2D44742700D447C8 /* tune-finder-app-tests.xctest */;
			productType = "com.apple.product-type.bundle.unit-test";
		};
/* End PBXNativeTarget section */

/* Begin PBXProject section */
		457856822D0F0C1D00998CB5 /* Project object */ = {
			isa = PBXProject;
			attributes = {
				BuildIndependentTargetsInParallel = 1;
				LastSwiftUpdateCheck = 1620;
				LastUpgradeCheck = 1620;
				TargetAttributes = {
					457856892D0F0C1D00998CB5 = {
						CreatedOnToolsVersion = 16.2;
					};
					45C4FCFC2D44742700D447C8 = {
						CreatedOnToolsVersion = 16.2;
						LastSwiftMigration = 1620;
						TestTargetID = 457856892D0F0C1D00998CB5;
					};
				};
			};
			buildConfigurationList = 457856852D0F0C1D00998CB5 /* Build configuration list for PBXProject "tune-finder-app" */;
			compatibilityVersion = "Xcode 15.0";
			developmentRegion = en;
			hasScannedForEncodings = 0;
			knownRegions = (
				en,
				Base,
				"pt-BR",
			);
			mainGroup = 457856812D0F0C1D00998CB5;
			minimizedProjectReferenceProxies = 1;
			packageReferences = (
				45091FDB2D1652F700EF8367 /* XCRemoteSwiftPackageReference "Kingfisher" */,
			);
			productRefGroup = 4578568B2D0F0C1D00998CB5 /* Products */;
			projectDirPath = "";
			projectRoot = "";
			targets = (
				457856892D0F0C1D00998CB5 /* tune-finder-app */,
				45C4FCFC2D44742700D447C8 /* tune-finder-app-tests */,
			);
		};
/* End PBXProject section */

/* Begin PBXResourcesBuildPhase section */
		457856882D0F0C1D00998CB5 /* Resources */ = {
			isa = PBXResourcesBuildPhase;
			buildActionMask = 2147483647;
			files = (
				4598B9B02D22031C009FE677 /* Assets.xcassets in Resources */,
			);
			runOnlyForDeploymentPostprocessing = 0;
		};
		45C4FCFB2D44742700D447C8 /* Resources */ = {
			isa = PBXResourcesBuildPhase;
			buildActionMask = 2147483647;
			files = (
			);
			runOnlyForDeploymentPostprocessing = 0;
		};
/* End PBXResourcesBuildPhase section */

/* Begin PBXShellScriptBuildPhase section */
		0BED3AC484CBE90CF6432521 /* [CP] Check Pods Manifest.lock */ = {
			isa = PBXShellScriptBuildPhase;
			buildActionMask = 2147483647;
			files = (
			);
			inputFileListPaths = (
			);
			inputPaths = (
				"${PODS_PODFILE_DIR_PATH}/Podfile.lock",
				"${PODS_ROOT}/Manifest.lock",
			);
			name = "[CP] Check Pods Manifest.lock";
			outputFileListPaths = (
			);
			outputPaths = (
				"$(DERIVED_FILE_DIR)/Pods-tune-finder-app-checkManifestLockResult.txt",
			);
			runOnlyForDeploymentPostprocessing = 0;
			shellPath = /bin/sh;
			shellScript = "diff \"${PODS_PODFILE_DIR_PATH}/Podfile.lock\" \"${PODS_ROOT}/Manifest.lock\" > /dev/null\nif [ $? != 0 ] ; then\n    # print error to STDERR\n    echo \"error: The sandbox is not in sync with the Podfile.lock. Run 'pod install' or update your CocoaPods installation.\" >&2\n    exit 1\nfi\n# This output is used by Xcode 'outputs' to avoid re-running this script phase.\necho \"SUCCESS\" > \"${SCRIPT_OUTPUT_FILE_0}\"\n";
			showEnvVarsInLog = 0;
		};
		291E9508AED3AE17AFBD89C5 /* [CP] Embed Pods Frameworks */ = {
			isa = PBXShellScriptBuildPhase;
			buildActionMask = 2147483647;
			files = (
			);
			inputFileListPaths = (
				"${PODS_ROOT}/Target Support Files/Pods-tune-finder-app/Pods-tune-finder-app-frameworks-${CONFIGURATION}-input-files.xcfilelist",
			);
			name = "[CP] Embed Pods Frameworks";
			outputFileListPaths = (
				"${PODS_ROOT}/Target Support Files/Pods-tune-finder-app/Pods-tune-finder-app-frameworks-${CONFIGURATION}-output-files.xcfilelist",
			);
			runOnlyForDeploymentPostprocessing = 0;
			shellPath = /bin/sh;
			shellScript = "\"${PODS_ROOT}/Target Support Files/Pods-tune-finder-app/Pods-tune-finder-app-frameworks.sh\"\n";
			showEnvVarsInLog = 0;
		};
/* End PBXShellScriptBuildPhase section */

/* Begin PBXSourcesBuildPhase section */
		457856862D0F0C1D00998CB5 /* Sources */ = {
			isa = PBXSourcesBuildPhase;
			buildActionMask = 2147483647;
			files = (
				4598B9B72D22031C009FE677 /* String+Ext.swift in Sources */,
				4598B9B82D22031C009FE677 /* UIColor+Ext.swift in Sources */,
				4598B9B92D22031C009FE677 /* UIFont+Ext.swift in Sources */,
				4598B9BB2D22031C009FE677 /* AlbumsResponse.swift in Sources */,
				45A610102D370C800098494E /* SplashAppCoordinator.swift in Sources */,
				4598B9BC2D22031C009FE677 /* ArtistsResponse.swift in Sources */,
				45D97DA62D3C380D007F2222 /* ArtistsRepository.swift in Sources */,
				45D97D922D3B544B007F2222 /* NetworkRequestConfigurator.swift in Sources */,
				45D97D9B2D3C2155007F2222 /* NetworkBaseURL.swift in Sources */,
				45D97DB22D3C45FC007F2222 /* AlbumsConfiguration.swift in Sources */,
				4598B9BD2D22031C009FE677 /* SpotifyToken.swift in Sources */,
				45D97D942D3B5AAF007F2222 /* NetworkDeserialization.swift in Sources */,
				45D97DBC2D3DD5FB007F2222 /* Artist.swift in Sources */,
				4598B9C12D22031C009FE677 /* HomeView.swift in Sources */,
				45D7BE0E2D3B461300010084 /* NetworkRequester.swift in Sources */,
				45D97D992D3C204C007F2222 /* SpotifyTokenConfiguration.swift in Sources */,
				4598B9C22D22031C009FE677 /* HomeViewController.swift in Sources */,
				4598B9C42D22031C009FE677 /* AlbumsTableViewCell.swift in Sources */,
				4598B9C52D22031C009FE677 /* AlbumsView.swift in Sources */,
				4598B9C62D22031C009FE677 /* AlbumsViewController.swift in Sources */,
				4598B9C72D22031C009FE677 /* ArtistsTableViewCell.swift in Sources */,
				4598B9C82D22031C009FE677 /* ArtistsView.swift in Sources */,
				4598B9C92D22031C009FE677 /* ArtistsViewController.swift in Sources */,
				45D97DB02D3C45E9007F2222 /* AlbumsRepository.swift in Sources */,
				45D7BE072D3B26B200010084 /* AlamofireNetworkRequest.swift in Sources */,
				45D97DC22D3F2547007F2222 /* Album.swift in Sources */,
				45D97DBE2D3DD89B007F2222 /* ArtistsViewModel.swift in Sources */,
				45D97DA82D3C381B007F2222 /* ArtistsConfiguration.swift in Sources */,
				45D7BE0A2D3B2D5200010084 /* NetworkMethod.swift in Sources */,
				45A610122D3717230098494E /* ArtistsCoordinator.swift in Sources */,
				45D7BE0C2D3B33C000010084 /* NetworkParameterEncoding.swift in Sources */,
				45D97D902D3B5345007F2222 /* Network.swift in Sources */,
				4598B9CC2D22031C009FE677 /* SplashScreenView.swift in Sources */,
				45D97DC02D3F240C007F2222 /* AlbumsViewModel.swift in Sources */,
				4598B9CD2D22031C009FE677 /* SplashScreenViewController.swift in Sources */,
				4598B9D02D22031C009FE677 /* AppDelegate.swift in Sources */,
				4598B9D12D22031C009FE677 /* SceneDelegate.swift in Sources */,
			);
			runOnlyForDeploymentPostprocessing = 0;
		};
		45C4FCF92D44742700D447C8 /* Sources */ = {
			isa = PBXSourcesBuildPhase;
			buildActionMask = 2147483647;
			files = (
				45BE04AE2D45AFC300D61B3E /* NetworkSpy.swift in Sources */,
				45CD500D2D4706D6000246C3 /* ArtistsViewControllerDelegateSpy.swift in Sources */,
				45CD501A2D470E83000246C3 /* AlbumsResponseFixture.swift in Sources */,
				45CD50242D47170A000246C3 /* AlbumsRepositoryTests.swift in Sources */,
				45CD4FFB2D45D751000246C3 /* ArtistsViewModelTests.swift in Sources */,
				45CD50222D471701000246C3 /* AlbumsConfigurationTests.swift in Sources */,
				45CD50172D470E3F000246C3 /* AlbumsRepositorySpy.swift in Sources */,
				45CD50022D45DA6D000246C3 /* ArtistFixture.swift in Sources */,
				45CD501C2D470E8B000246C3 /* AlbumFixture.swift in Sources */,
				45CD50072D46FE5A000246C3 /* ArtistsViewControllerTests.swift in Sources */,
				45CD500B2D4703D9000246C3 /* ArtistsViewModelSpy.swift in Sources */,
				45CD50092D4702C0000246C3 /* ArtistsViewSpy.swift in Sources */,
				45CD50152D470E19000246C3 /* AlbumsDisplaySpy.swift in Sources */,
				45CD4FFE2D45D7A1000246C3 /* ArtistsRepositorySpy.swift in Sources */,
				45CD50262D471713000246C3 /* AlbumsViewModelTests.swift in Sources */,
				45BE04AA2D45A75600D61B3E /* ArtistsRepositoryTests.swift in Sources */,
				45CD50282D47171F000246C3 /* AlbumsViewControllerTests.swift in Sources */,
				45CD50112D470DD2000246C3 /* AlbumsViewModelSpy.swift in Sources */,
				45BE04A82D45A2D800D61B3E /* ArtistsConfigurationTests.swift in Sources */,
				45CD4FF82D45D398000246C3 /* NSErrorFixture.swift in Sources */,
				45CD50002D45D929000246C3 /* ArtistsDisplaySpy.swift in Sources */,
				45CD4FF52D45CADD000246C3 /* ArtistsResponseFixture.swift in Sources */,
				45CD50132D470DF6000246C3 /* AlbumsViewSpy.swift in Sources */,
			);
			runOnlyForDeploymentPostprocessing = 0;
		};
/* End PBXSourcesBuildPhase section */

/* Begin PBXTargetDependency section */
		45C4FD022D44742700D447C8 /* PBXTargetDependency */ = {
			isa = PBXTargetDependency;
			target = 457856892D0F0C1D00998CB5 /* tune-finder-app */;
			targetProxy = 45C4FD012D44742700D447C8 /* PBXContainerItemProxy */;
		};
/* End PBXTargetDependency section */

/* Begin XCBuildConfiguration section */
		4578569E2D0F0C1F00998CB5 /* Debug */ = {
			isa = XCBuildConfiguration;
			baseConfigurationReference = A7A594776749DEE1ECE0E2BF /* Pods-tune-finder-app.debug.xcconfig */;
			buildSettings = {
				ASSETCATALOG_COMPILER_APPICON_NAME = AppIcon;
				ASSETCATALOG_COMPILER_GLOBAL_ACCENT_COLOR_NAME = AccentColor;
				CODE_SIGN_STYLE = Automatic;
				CURRENT_PROJECT_VERSION = 1;
				DEVELOPMENT_TEAM = CZM8PU3P9W;
				GENERATE_INFOPLIST_FILE = YES;
				INFOPLIST_FILE = "tune-finder-app/Info.plist";
				INFOPLIST_KEY_CFBundleDisplayName = TuneFinder;
				INFOPLIST_KEY_UIApplicationSupportsIndirectInputEvents = YES;
				INFOPLIST_KEY_UILaunchStoryboardName = LaunchScreen;
				INFOPLIST_KEY_UISupportedInterfaceOrientations = UIInterfaceOrientationPortrait;
				INFOPLIST_KEY_UISupportedInterfaceOrientations_iPad = "UIInterfaceOrientationLandscapeLeft UIInterfaceOrientationLandscapeRight UIInterfaceOrientationPortrait UIInterfaceOrientationPortraitUpsideDown";
				LD_RUNPATH_SEARCH_PATHS = (
					"$(inherited)",
					"@executable_path/Frameworks",
				);
				MARKETING_VERSION = 1.0;
				PRODUCT_BUNDLE_IDENTIFIER = "br.com.limasgeovane.tune-finder-app";
				PRODUCT_NAME = "$(TARGET_NAME)";
				SUPPORTED_PLATFORMS = "iphoneos iphonesimulator";
				SUPPORTS_MACCATALYST = NO;
				SUPPORTS_MAC_DESIGNED_FOR_IPHONE_IPAD = NO;
				SUPPORTS_XR_DESIGNED_FOR_IPHONE_IPAD = NO;
				SWIFT_EMIT_LOC_STRINGS = YES;
				SWIFT_VERSION = 5.0;
				TARGETED_DEVICE_FAMILY = 1;
			};
			name = Debug;
		};
		4578569F2D0F0C1F00998CB5 /* Release */ = {
			isa = XCBuildConfiguration;
			baseConfigurationReference = BA31235967B3E2A85B513233 /* Pods-tune-finder-app.release.xcconfig */;
			buildSettings = {
				ASSETCATALOG_COMPILER_APPICON_NAME = AppIcon;
				ASSETCATALOG_COMPILER_GLOBAL_ACCENT_COLOR_NAME = AccentColor;
				CODE_SIGN_STYLE = Automatic;
				CURRENT_PROJECT_VERSION = 1;
				DEVELOPMENT_TEAM = CZM8PU3P9W;
				GENERATE_INFOPLIST_FILE = YES;
				INFOPLIST_FILE = "tune-finder-app/Info.plist";
				INFOPLIST_KEY_CFBundleDisplayName = TuneFinder;
				INFOPLIST_KEY_UIApplicationSupportsIndirectInputEvents = YES;
				INFOPLIST_KEY_UILaunchStoryboardName = LaunchScreen;
				INFOPLIST_KEY_UISupportedInterfaceOrientations = UIInterfaceOrientationPortrait;
				INFOPLIST_KEY_UISupportedInterfaceOrientations_iPad = "UIInterfaceOrientationLandscapeLeft UIInterfaceOrientationLandscapeRight UIInterfaceOrientationPortrait UIInterfaceOrientationPortraitUpsideDown";
				LD_RUNPATH_SEARCH_PATHS = (
					"$(inherited)",
					"@executable_path/Frameworks",
				);
				MARKETING_VERSION = 1.0;
				PRODUCT_BUNDLE_IDENTIFIER = "br.com.limasgeovane.tune-finder-app";
				PRODUCT_NAME = "$(TARGET_NAME)";
				SUPPORTED_PLATFORMS = "iphoneos iphonesimulator";
				SUPPORTS_MACCATALYST = NO;
				SUPPORTS_MAC_DESIGNED_FOR_IPHONE_IPAD = NO;
				SUPPORTS_XR_DESIGNED_FOR_IPHONE_IPAD = NO;
				SWIFT_EMIT_LOC_STRINGS = YES;
				SWIFT_VERSION = 5.0;
				TARGETED_DEVICE_FAMILY = 1;
			};
			name = Release;
		};
		457856A02D0F0C1F00998CB5 /* Debug */ = {
			isa = XCBuildConfiguration;
			buildSettings = {
				ALWAYS_SEARCH_USER_PATHS = NO;
				ASSETCATALOG_COMPILER_GENERATE_SWIFT_ASSET_SYMBOL_EXTENSIONS = YES;
				CLANG_ANALYZER_NONNULL = YES;
				CLANG_ANALYZER_NUMBER_OBJECT_CONVERSION = YES_AGGRESSIVE;
				CLANG_CXX_LANGUAGE_STANDARD = "gnu++20";
				CLANG_ENABLE_MODULES = YES;
				CLANG_ENABLE_OBJC_ARC = YES;
				CLANG_ENABLE_OBJC_WEAK = YES;
				CLANG_WARN_BLOCK_CAPTURE_AUTORELEASING = YES;
				CLANG_WARN_BOOL_CONVERSION = YES;
				CLANG_WARN_COMMA = YES;
				CLANG_WARN_CONSTANT_CONVERSION = YES;
				CLANG_WARN_DEPRECATED_OBJC_IMPLEMENTATIONS = YES;
				CLANG_WARN_DIRECT_OBJC_ISA_USAGE = YES_ERROR;
				CLANG_WARN_DOCUMENTATION_COMMENTS = YES;
				CLANG_WARN_EMPTY_BODY = YES;
				CLANG_WARN_ENUM_CONVERSION = YES;
				CLANG_WARN_INFINITE_RECURSION = YES;
				CLANG_WARN_INT_CONVERSION = YES;
				CLANG_WARN_NON_LITERAL_NULL_CONVERSION = YES;
				CLANG_WARN_OBJC_IMPLICIT_RETAIN_SELF = YES;
				CLANG_WARN_OBJC_LITERAL_CONVERSION = YES;
				CLANG_WARN_OBJC_ROOT_CLASS = YES_ERROR;
				CLANG_WARN_QUOTED_INCLUDE_IN_FRAMEWORK_HEADER = YES;
				CLANG_WARN_RANGE_LOOP_ANALYSIS = YES;
				CLANG_WARN_STRICT_PROTOTYPES = YES;
				CLANG_WARN_SUSPICIOUS_MOVE = YES;
				CLANG_WARN_UNGUARDED_AVAILABILITY = YES_AGGRESSIVE;
				CLANG_WARN_UNREACHABLE_CODE = YES;
				CLANG_WARN__DUPLICATE_METHOD_MATCH = YES;
				COPY_PHASE_STRIP = NO;
				DEBUG_INFORMATION_FORMAT = dwarf;
				ENABLE_STRICT_OBJC_MSGSEND = YES;
				ENABLE_TESTABILITY = YES;
				ENABLE_USER_SCRIPT_SANDBOXING = NO;
				GCC_C_LANGUAGE_STANDARD = gnu17;
				GCC_DYNAMIC_NO_PIC = NO;
				GCC_NO_COMMON_BLOCKS = YES;
				GCC_OPTIMIZATION_LEVEL = 0;
				GCC_PREPROCESSOR_DEFINITIONS = (
					"DEBUG=1",
					"$(inherited)",
				);
				GCC_WARN_64_TO_32_BIT_CONVERSION = YES;
				GCC_WARN_ABOUT_RETURN_TYPE = YES_ERROR;
				GCC_WARN_UNDECLARED_SELECTOR = YES;
				GCC_WARN_UNINITIALIZED_AUTOS = YES_AGGRESSIVE;
				GCC_WARN_UNUSED_FUNCTION = YES;
				GCC_WARN_UNUSED_VARIABLE = YES;
				IPHONEOS_DEPLOYMENT_TARGET = 18.2;
				LOCALIZATION_PREFERS_STRING_CATALOGS = YES;
				MTL_ENABLE_DEBUG_INFO = INCLUDE_SOURCE;
				MTL_FAST_MATH = YES;
				ONLY_ACTIVE_ARCH = YES;
				SDKROOT = iphoneos;
				SWIFT_ACTIVE_COMPILATION_CONDITIONS = "DEBUG $(inherited)";
				SWIFT_EMIT_LOC_STRINGS = YES;
				SWIFT_OPTIMIZATION_LEVEL = "-Onone";
			};
			name = Debug;
		};
		457856A12D0F0C1F00998CB5 /* Release */ = {
			isa = XCBuildConfiguration;
			buildSettings = {
				ALWAYS_SEARCH_USER_PATHS = NO;
				ASSETCATALOG_COMPILER_GENERATE_SWIFT_ASSET_SYMBOL_EXTENSIONS = YES;
				CLANG_ANALYZER_NONNULL = YES;
				CLANG_ANALYZER_NUMBER_OBJECT_CONVERSION = YES_AGGRESSIVE;
				CLANG_CXX_LANGUAGE_STANDARD = "gnu++20";
				CLANG_ENABLE_MODULES = YES;
				CLANG_ENABLE_OBJC_ARC = YES;
				CLANG_ENABLE_OBJC_WEAK = YES;
				CLANG_WARN_BLOCK_CAPTURE_AUTORELEASING = YES;
				CLANG_WARN_BOOL_CONVERSION = YES;
				CLANG_WARN_COMMA = YES;
				CLANG_WARN_CONSTANT_CONVERSION = YES;
				CLANG_WARN_DEPRECATED_OBJC_IMPLEMENTATIONS = YES;
				CLANG_WARN_DIRECT_OBJC_ISA_USAGE = YES_ERROR;
				CLANG_WARN_DOCUMENTATION_COMMENTS = YES;
				CLANG_WARN_EMPTY_BODY = YES;
				CLANG_WARN_ENUM_CONVERSION = YES;
				CLANG_WARN_INFINITE_RECURSION = YES;
				CLANG_WARN_INT_CONVERSION = YES;
				CLANG_WARN_NON_LITERAL_NULL_CONVERSION = YES;
				CLANG_WARN_OBJC_IMPLICIT_RETAIN_SELF = YES;
				CLANG_WARN_OBJC_LITERAL_CONVERSION = YES;
				CLANG_WARN_OBJC_ROOT_CLASS = YES_ERROR;
				CLANG_WARN_QUOTED_INCLUDE_IN_FRAMEWORK_HEADER = YES;
				CLANG_WARN_RANGE_LOOP_ANALYSIS = YES;
				CLANG_WARN_STRICT_PROTOTYPES = YES;
				CLANG_WARN_SUSPICIOUS_MOVE = YES;
				CLANG_WARN_UNGUARDED_AVAILABILITY = YES_AGGRESSIVE;
				CLANG_WARN_UNREACHABLE_CODE = YES;
				CLANG_WARN__DUPLICATE_METHOD_MATCH = YES;
				COPY_PHASE_STRIP = NO;
				DEBUG_INFORMATION_FORMAT = "dwarf-with-dsym";
				ENABLE_NS_ASSERTIONS = NO;
				ENABLE_STRICT_OBJC_MSGSEND = YES;
				ENABLE_USER_SCRIPT_SANDBOXING = NO;
				GCC_C_LANGUAGE_STANDARD = gnu17;
				GCC_NO_COMMON_BLOCKS = YES;
				GCC_WARN_64_TO_32_BIT_CONVERSION = YES;
				GCC_WARN_ABOUT_RETURN_TYPE = YES_ERROR;
				GCC_WARN_UNDECLARED_SELECTOR = YES;
				GCC_WARN_UNINITIALIZED_AUTOS = YES_AGGRESSIVE;
				GCC_WARN_UNUSED_FUNCTION = YES;
				GCC_WARN_UNUSED_VARIABLE = YES;
				IPHONEOS_DEPLOYMENT_TARGET = 18.2;
				LOCALIZATION_PREFERS_STRING_CATALOGS = YES;
				MTL_ENABLE_DEBUG_INFO = NO;
				MTL_FAST_MATH = YES;
				SDKROOT = iphoneos;
				SWIFT_COMPILATION_MODE = wholemodule;
				SWIFT_EMIT_LOC_STRINGS = YES;
				VALIDATE_PRODUCT = YES;
			};
			name = Release;
		};
		45C4FD042D44742700D447C8 /* Debug */ = {
			isa = XCBuildConfiguration;
			buildSettings = {
				BUNDLE_LOADER = "$(TEST_HOST)";
				CLANG_ENABLE_MODULES = YES;
				CODE_SIGN_STYLE = Automatic;
				CURRENT_PROJECT_VERSION = 1;
				ENABLE_USER_SCRIPT_SANDBOXING = YES;
				GENERATE_INFOPLIST_FILE = YES;
				MARKETING_VERSION = 1.0;
				PRODUCT_BUNDLE_IDENTIFIER = "br.com.limasgeovane.tune-finder-app-tests";
				PRODUCT_NAME = "$(TARGET_NAME)";
				SWIFT_EMIT_LOC_STRINGS = NO;
				SWIFT_OPTIMIZATION_LEVEL = "-Onone";
				SWIFT_VERSION = 5.0;
				TARGETED_DEVICE_FAMILY = "1,2";
				TEST_HOST = "$(BUILT_PRODUCTS_DIR)/tune-finder-app.app/$(BUNDLE_EXECUTABLE_FOLDER_PATH)/tune-finder-app";
			};
			name = Debug;
		};
		45C4FD052D44742700D447C8 /* Release */ = {
			isa = XCBuildConfiguration;
			buildSettings = {
				BUNDLE_LOADER = "$(TEST_HOST)";
				CLANG_ENABLE_MODULES = YES;
				CODE_SIGN_STYLE = Automatic;
				CURRENT_PROJECT_VERSION = 1;
				ENABLE_USER_SCRIPT_SANDBOXING = YES;
				GENERATE_INFOPLIST_FILE = YES;
				MARKETING_VERSION = 1.0;
				PRODUCT_BUNDLE_IDENTIFIER = "br.com.limasgeovane.tune-finder-app-tests";
				PRODUCT_NAME = "$(TARGET_NAME)";
				SWIFT_EMIT_LOC_STRINGS = NO;
				SWIFT_VERSION = 5.0;
				TARGETED_DEVICE_FAMILY = "1,2";
				TEST_HOST = "$(BUILT_PRODUCTS_DIR)/tune-finder-app.app/$(BUNDLE_EXECUTABLE_FOLDER_PATH)/tune-finder-app";
			};
			name = Release;
		};
/* End XCBuildConfiguration section */

/* Begin XCConfigurationList section */
		457856852D0F0C1D00998CB5 /* Build configuration list for PBXProject "tune-finder-app" */ = {
			isa = XCConfigurationList;
			buildConfigurations = (
				457856A02D0F0C1F00998CB5 /* Debug */,
				457856A12D0F0C1F00998CB5 /* Release */,
			);
			defaultConfigurationIsVisible = 0;
			defaultConfigurationName = Release;
		};
		4578569D2D0F0C1F00998CB5 /* Build configuration list for PBXNativeTarget "tune-finder-app" */ = {
			isa = XCConfigurationList;
			buildConfigurations = (
				4578569E2D0F0C1F00998CB5 /* Debug */,
				4578569F2D0F0C1F00998CB5 /* Release */,
			);
			defaultConfigurationIsVisible = 0;
			defaultConfigurationName = Release;
		};
		45C4FD032D44742700D447C8 /* Build configuration list for PBXNativeTarget "tune-finder-app-tests" */ = {
			isa = XCConfigurationList;
			buildConfigurations = (
				45C4FD042D44742700D447C8 /* Debug */,
				45C4FD052D44742700D447C8 /* Release */,
			);
			defaultConfigurationIsVisible = 0;
			defaultConfigurationName = Release;
		};
/* End XCConfigurationList section */

/* Begin XCRemoteSwiftPackageReference section */
		45091FDB2D1652F700EF8367 /* XCRemoteSwiftPackageReference "Kingfisher" */ = {
			isa = XCRemoteSwiftPackageReference;
			repositoryURL = "https://github.com/onevcat/Kingfisher.git";
			requirement = {
				kind = upToNextMajorVersion;
				minimumVersion = 8.1.3;
			};
		};
/* End XCRemoteSwiftPackageReference section */

/* Begin XCSwiftPackageProductDependency section */
		45091FDC2D1652F700EF8367 /* Kingfisher */ = {
			isa = XCSwiftPackageProductDependency;
			package = 45091FDB2D1652F700EF8367 /* XCRemoteSwiftPackageReference "Kingfisher" */;
			productName = Kingfisher;
		};
/* End XCSwiftPackageProductDependency section */
	};
	rootObject = 457856822D0F0C1D00998CB5 /* Project object */;
}
