// !$*UTF8*$!
{
	archiveVersion = 1;
	classes = {
	};
	objectVersion = 63;
	objects = {

/* Begin PBXBuildFile section */
		45091FDD2D1652F700EF8367 /* Kingfisher in Frameworks */ = {isa = PBXBuildFile; productRef = 45091FDC2D1652F700EF8367 /* Kingfisher */; };
		4598B9B02D22031C009FE677 /* Assets.xcassets in Resources */ = {isa = PBXBuildFile; fileRef = 4598B9942D22031C009FE677 /* Assets.xcassets */; };
		4598B9B72D22031C009FE677 /* String+Ext.swift in Sources */ = {isa = PBXBuildFile; fileRef = 4598B9872D22031C009FE677 /* String+Ext.swift */; };
		4598B9B82D22031C009FE677 /* UIColor+Ext.swift in Sources */ = {isa = PBXBuildFile; fileRef = 4598B9882D22031C009FE677 /* UIColor+Ext.swift */; };
		4598B9B92D22031C009FE677 /* UIFont+Ext.swift in Sources */ = {isa = PBXBuildFile; fileRef = 4598B9892D22031C009FE677 /* UIFont+Ext.swift */; };
		4598B9BB2D22031C009FE677 /* AlbumsResponse.swift in Sources */ = {isa = PBXBuildFile; fileRef = 4598B98C2D22031C009FE677 /* AlbumsResponse.swift */; };
		4598B9BC2D22031C009FE677 /* ArtistsResponse.swift in Sources */ = {isa = PBXBuildFile; fileRef = 4598B98D2D22031C009FE677 /* ArtistsResponse.swift */; };
		4598B9BD2D22031C009FE677 /* SpotifyToken.swift in Sources */ = {isa = PBXBuildFile; fileRef = 4598B98E2D22031C009FE677 /* SpotifyToken.swift */; };
		4598B9C12D22031C009FE677 /* HomeView.swift in Sources */ = {isa = PBXBuildFile; fileRef = 4598B9972D22031C009FE677 /* HomeView.swift */; };
		4598B9C22D22031C009FE677 /* HomeViewController.swift in Sources */ = {isa = PBXBuildFile; fileRef = 4598B9982D22031C009FE677 /* HomeViewController.swift */; };
		4598B9C42D22031C009FE677 /* ListAlbumsTableViewCell.swift in Sources */ = {isa = PBXBuildFile; fileRef = 4598B99B2D22031C009FE677 /* ListAlbumsTableViewCell.swift */; };
		4598B9C52D22031C009FE677 /* ListAlbumsView.swift in Sources */ = {isa = PBXBuildFile; fileRef = 4598B99C2D22031C009FE677 /* ListAlbumsView.swift */; };
		4598B9C62D22031C009FE677 /* ListAlbumsViewController.swift in Sources */ = {isa = PBXBuildFile; fileRef = 4598B99D2D22031C009FE677 /* ListAlbumsViewController.swift */; };
		4598B9C72D22031C009FE677 /* ListArtistsTableViewCell.swift in Sources */ = {isa = PBXBuildFile; fileRef = 4598B99F2D22031C009FE677 /* ListArtistsTableViewCell.swift */; };
		4598B9C82D22031C009FE677 /* ListArtistsView.swift in Sources */ = {isa = PBXBuildFile; fileRef = 4598B9A02D22031C009FE677 /* ListArtistsView.swift */; };
		4598B9C92D22031C009FE677 /* ListArtistsViewController.swift in Sources */ = {isa = PBXBuildFile; fileRef = 4598B9A12D22031C009FE677 /* ListArtistsViewController.swift */; };
		4598B9CC2D22031C009FE677 /* SplashScreenView.swift in Sources */ = {isa = PBXBuildFile; fileRef = 4598B9A52D22031C009FE677 /* SplashScreenView.swift */; };
		4598B9CD2D22031C009FE677 /* SplashScreenViewController.swift in Sources */ = {isa = PBXBuildFile; fileRef = 4598B9A62D22031C009FE677 /* SplashScreenViewController.swift */; };
		4598B9D02D22031C009FE677 /* AppDelegate.swift in Sources */ = {isa = PBXBuildFile; fileRef = 4598B9AC2D22031C009FE677 /* AppDelegate.swift */; };
		4598B9D12D22031C009FE677 /* SceneDelegate.swift in Sources */ = {isa = PBXBuildFile; fileRef = 4598B9AE2D22031C009FE677 /* SceneDelegate.swift */; };
		45A610102D370C800098494E /* StartAppCoordinator.swift in Sources */ = {isa = PBXBuildFile; fileRef = 45A6100F2D370C800098494E /* StartAppCoordinator.swift */; };
		45A610122D3717230098494E /* ArtistsCoordinator.swift in Sources */ = {isa = PBXBuildFile; fileRef = 45A610112D3717230098494E /* ArtistsCoordinator.swift */; };
		45D7BE072D3B26B200010084 /* AlamofireNetworkRequest.swift in Sources */ = {isa = PBXBuildFile; fileRef = 45D7BE062D3B26B200010084 /* AlamofireNetworkRequest.swift */; };
		45D7BE0A2D3B2D5200010084 /* NetworkMethod.swift in Sources */ = {isa = PBXBuildFile; fileRef = 45D7BE092D3B2D5200010084 /* NetworkMethod.swift */; };
		45D7BE0C2D3B33C000010084 /* NetworkParameterEncoding.swift in Sources */ = {isa = PBXBuildFile; fileRef = 45D7BE0B2D3B33C000010084 /* NetworkParameterEncoding.swift */; };
		45D7BE0E2D3B461300010084 /* NetworkRequester.swift in Sources */ = {isa = PBXBuildFile; fileRef = 45D7BE0D2D3B461300010084 /* NetworkRequester.swift */; };
		45D97D902D3B5345007F2222 /* Network.swift in Sources */ = {isa = PBXBuildFile; fileRef = 45D97D8F2D3B5345007F2222 /* Network.swift */; };
		45D97D922D3B544B007F2222 /* NetworkRequestConfigurator.swift in Sources */ = {isa = PBXBuildFile; fileRef = 45D97D912D3B544B007F2222 /* NetworkRequestConfigurator.swift */; };
		45D97D942D3B5AAF007F2222 /* NetworkDeserialization.swift in Sources */ = {isa = PBXBuildFile; fileRef = 45D97D932D3B5AAF007F2222 /* NetworkDeserialization.swift */; };
		45D97D992D3C204C007F2222 /* SpotifyTokenConfiguration.swift in Sources */ = {isa = PBXBuildFile; fileRef = 45D97D982D3C204C007F2222 /* SpotifyTokenConfiguration.swift */; };
		45D97D9B2D3C2155007F2222 /* NetworkBaseURL.swift in Sources */ = {isa = PBXBuildFile; fileRef = 45D97D9A2D3C2155007F2222 /* NetworkBaseURL.swift */; };
		45D97DA62D3C380D007F2222 /* ArtistsRepository.swift in Sources */ = {isa = PBXBuildFile; fileRef = 45D97DA52D3C380D007F2222 /* ArtistsRepository.swift */; };
		45D97DA82D3C381B007F2222 /* ArtistsConfiguration.swift in Sources */ = {isa = PBXBuildFile; fileRef = 45D97DA72D3C381B007F2222 /* ArtistsConfiguration.swift */; };
		45D97DB02D3C45E9007F2222 /* AlbumsRepository.swift in Sources */ = {isa = PBXBuildFile; fileRef = 45D97DAF2D3C45E9007F2222 /* AlbumsRepository.swift */; };
		45D97DB22D3C45FC007F2222 /* AlbumsConfiguration.swift in Sources */ = {isa = PBXBuildFile; fileRef = 45D97DB12D3C45FC007F2222 /* AlbumsConfiguration.swift */; };
		45D97DBC2D3DD5FB007F2222 /* Artist.swift in Sources */ = {isa = PBXBuildFile; fileRef = 45D97DBB2D3DD5FB007F2222 /* Artist.swift */; };
		45D97DBE2D3DD89B007F2222 /* ArtistsViewModel.swift in Sources */ = {isa = PBXBuildFile; fileRef = 45D97DBD2D3DD89B007F2222 /* ArtistsViewModel.swift */; };
		45D97DC02D3F240C007F2222 /* AlbumsViewModel.swift in Sources */ = {isa = PBXBuildFile; fileRef = 45D97DBF2D3F240C007F2222 /* AlbumsViewModel.swift */; };
		45D97DC22D3F2547007F2222 /* Album.swift in Sources */ = {isa = PBXBuildFile; fileRef = 45D97DC12D3F2547007F2222 /* Album.swift */; };
		870E177E7E053CCE394D9A2E /* Pods_tune_finder_app.framework in Frameworks */ = {isa = PBXBuildFile; fileRef = B7CD7E85B46743176DEBD857 /* Pods_tune_finder_app.framework */; };
/* End PBXBuildFile section */

/* Begin PBXFileReference section */
		4578568A2D0F0C1D00998CB5 /* tune-finder-app.app */ = {isa = PBXFileReference; explicitFileType = wrapper.application; includeInIndex = 0; path = "tune-finder-app.app"; sourceTree = BUILT_PRODUCTS_DIR; };
		4598B9872D22031C009FE677 /* String+Ext.swift */ = {isa = PBXFileReference; lastKnownFileType = sourcecode.swift; path = "String+Ext.swift"; sourceTree = "<group>"; };
		4598B9882D22031C009FE677 /* UIColor+Ext.swift */ = {isa = PBXFileReference; lastKnownFileType = sourcecode.swift; path = "UIColor+Ext.swift"; sourceTree = "<group>"; };
		4598B9892D22031C009FE677 /* UIFont+Ext.swift */ = {isa = PBXFileReference; lastKnownFileType = sourcecode.swift; path = "UIFont+Ext.swift"; sourceTree = "<group>"; };
		4598B98C2D22031C009FE677 /* AlbumsResponse.swift */ = {isa = PBXFileReference; lastKnownFileType = sourcecode.swift; path = AlbumsResponse.swift; sourceTree = "<group>"; };
		4598B98D2D22031C009FE677 /* ArtistsResponse.swift */ = {isa = PBXFileReference; lastKnownFileType = sourcecode.swift; path = ArtistsResponse.swift; sourceTree = "<group>"; };
		4598B98E2D22031C009FE677 /* SpotifyToken.swift */ = {isa = PBXFileReference; lastKnownFileType = sourcecode.swift; path = SpotifyToken.swift; sourceTree = "<group>"; };
		4598B9942D22031C009FE677 /* Assets.xcassets */ = {isa = PBXFileReference; lastKnownFileType = folder.assetcatalog; path = Assets.xcassets; sourceTree = "<group>"; };
		4598B9972D22031C009FE677 /* HomeView.swift */ = {isa = PBXFileReference; lastKnownFileType = sourcecode.swift; path = HomeView.swift; sourceTree = "<group>"; };
		4598B9982D22031C009FE677 /* HomeViewController.swift */ = {isa = PBXFileReference; lastKnownFileType = sourcecode.swift; path = HomeViewController.swift; sourceTree = "<group>"; };
		4598B99B2D22031C009FE677 /* ListAlbumsTableViewCell.swift */ = {isa = PBXFileReference; lastKnownFileType = sourcecode.swift; path = ListAlbumsTableViewCell.swift; sourceTree = "<group>"; };
		4598B99C2D22031C009FE677 /* ListAlbumsView.swift */ = {isa = PBXFileReference; lastKnownFileType = sourcecode.swift; path = ListAlbumsView.swift; sourceTree = "<group>"; };
		4598B99D2D22031C009FE677 /* ListAlbumsViewController.swift */ = {isa = PBXFileReference; lastKnownFileType = sourcecode.swift; path = ListAlbumsViewController.swift; sourceTree = "<group>"; };
		4598B99F2D22031C009FE677 /* ListArtistsTableViewCell.swift */ = {isa = PBXFileReference; lastKnownFileType = sourcecode.swift; path = ListArtistsTableViewCell.swift; sourceTree = "<group>"; };
		4598B9A02D22031C009FE677 /* ListArtistsView.swift */ = {isa = PBXFileReference; lastKnownFileType = sourcecode.swift; path = ListArtistsView.swift; sourceTree = "<group>"; };
		4598B9A12D22031C009FE677 /* ListArtistsViewController.swift */ = {isa = PBXFileReference; lastKnownFileType = sourcecode.swift; path = ListArtistsViewController.swift; sourceTree = "<group>"; };
		4598B9A52D22031C009FE677 /* SplashScreenView.swift */ = {isa = PBXFileReference; lastKnownFileType = sourcecode.swift; path = SplashScreenView.swift; sourceTree = "<group>"; };
		4598B9A62D22031C009FE677 /* SplashScreenViewController.swift */ = {isa = PBXFileReference; lastKnownFileType = sourcecode.swift; path = SplashScreenViewController.swift; sourceTree = "<group>"; };
		4598B9AC2D22031C009FE677 /* AppDelegate.swift */ = {isa = PBXFileReference; lastKnownFileType = sourcecode.swift; path = AppDelegate.swift; sourceTree = "<group>"; };
		4598B9AD2D22031C009FE677 /* Info.plist */ = {isa = PBXFileReference; lastKnownFileType = text.plist.xml; path = Info.plist; sourceTree = "<group>"; };
		4598B9AE2D22031C009FE677 /* SceneDelegate.swift */ = {isa = PBXFileReference; lastKnownFileType = sourcecode.swift; path = SceneDelegate.swift; sourceTree = "<group>"; };
		45A6100F2D370C800098494E /* StartAppCoordinator.swift */ = {isa = PBXFileReference; lastKnownFileType = sourcecode.swift; path = StartAppCoordinator.swift; sourceTree = "<group>"; };
		45A610112D3717230098494E /* ArtistsCoordinator.swift */ = {isa = PBXFileReference; lastKnownFileType = sourcecode.swift; path = ArtistsCoordinator.swift; sourceTree = "<group>"; };
		45D7BE062D3B26B200010084 /* AlamofireNetworkRequest.swift */ = {isa = PBXFileReference; lastKnownFileType = sourcecode.swift; path = AlamofireNetworkRequest.swift; sourceTree = "<group>"; };
		45D7BE092D3B2D5200010084 /* NetworkMethod.swift */ = {isa = PBXFileReference; lastKnownFileType = sourcecode.swift; path = NetworkMethod.swift; sourceTree = "<group>"; };
		45D7BE0B2D3B33C000010084 /* NetworkParameterEncoding.swift */ = {isa = PBXFileReference; lastKnownFileType = sourcecode.swift; path = NetworkParameterEncoding.swift; sourceTree = "<group>"; };
		45D7BE0D2D3B461300010084 /* NetworkRequester.swift */ = {isa = PBXFileReference; lastKnownFileType = sourcecode.swift; path = NetworkRequester.swift; sourceTree = "<group>"; };
		45D97D8F2D3B5345007F2222 /* Network.swift */ = {isa = PBXFileReference; lastKnownFileType = sourcecode.swift; path = Network.swift; sourceTree = "<group>"; };
		45D97D912D3B544B007F2222 /* NetworkRequestConfigurator.swift */ = {isa = PBXFileReference; lastKnownFileType = sourcecode.swift; path = NetworkRequestConfigurator.swift; sourceTree = "<group>"; };
		45D97D932D3B5AAF007F2222 /* NetworkDeserialization.swift */ = {isa = PBXFileReference; lastKnownFileType = sourcecode.swift; path = NetworkDeserialization.swift; sourceTree = "<group>"; };
		45D97D982D3C204C007F2222 /* SpotifyTokenConfiguration.swift */ = {isa = PBXFileReference; lastKnownFileType = sourcecode.swift; path = SpotifyTokenConfiguration.swift; sourceTree = "<group>"; };
		45D97D9A2D3C2155007F2222 /* NetworkBaseURL.swift */ = {isa = PBXFileReference; lastKnownFileType = sourcecode.swift; path = NetworkBaseURL.swift; sourceTree = "<group>"; };
		45D97DA52D3C380D007F2222 /* ArtistsRepository.swift */ = {isa = PBXFileReference; lastKnownFileType = sourcecode.swift; path = ArtistsRepository.swift; sourceTree = "<group>"; };
		45D97DA72D3C381B007F2222 /* ArtistsConfiguration.swift */ = {isa = PBXFileReference; lastKnownFileType = sourcecode.swift; path = ArtistsConfiguration.swift; sourceTree = "<group>"; };
		45D97DAF2D3C45E9007F2222 /* AlbumsRepository.swift */ = {isa = PBXFileReference; lastKnownFileType = sourcecode.swift; path = AlbumsRepository.swift; sourceTree = "<group>"; };
		45D97DB12D3C45FC007F2222 /* AlbumsConfiguration.swift */ = {isa = PBXFileReference; lastKnownFileType = sourcecode.swift; path = AlbumsConfiguration.swift; sourceTree = "<group>"; };
		45D97DBB2D3DD5FB007F2222 /* Artist.swift */ = {isa = PBXFileReference; lastKnownFileType = sourcecode.swift; path = Artist.swift; sourceTree = "<group>"; };
		45D97DBD2D3DD89B007F2222 /* ArtistsViewModel.swift */ = {isa = PBXFileReference; lastKnownFileType = sourcecode.swift; path = ArtistsViewModel.swift; sourceTree = "<group>"; };
		45D97DBF2D3F240C007F2222 /* AlbumsViewModel.swift */ = {isa = PBXFileReference; lastKnownFileType = sourcecode.swift; path = AlbumsViewModel.swift; sourceTree = "<group>"; };
		45D97DC12D3F2547007F2222 /* Album.swift */ = {isa = PBXFileReference; lastKnownFileType = sourcecode.swift; path = Album.swift; sourceTree = "<group>"; };
		A7A594776749DEE1ECE0E2BF /* Pods-tune-finder-app.debug.xcconfig */ = {isa = PBXFileReference; includeInIndex = 1; lastKnownFileType = text.xcconfig; name = "Pods-tune-finder-app.debug.xcconfig"; path = "Target Support Files/Pods-tune-finder-app/Pods-tune-finder-app.debug.xcconfig"; sourceTree = "<group>"; };
		B7CD7E85B46743176DEBD857 /* Pods_tune_finder_app.framework */ = {isa = PBXFileReference; explicitFileType = wrapper.framework; includeInIndex = 0; path = Pods_tune_finder_app.framework; sourceTree = BUILT_PRODUCTS_DIR; };
		BA31235967B3E2A85B513233 /* Pods-tune-finder-app.release.xcconfig */ = {isa = PBXFileReference; includeInIndex = 1; lastKnownFileType = text.xcconfig; name = "Pods-tune-finder-app.release.xcconfig"; path = "Target Support Files/Pods-tune-finder-app/Pods-tune-finder-app.release.xcconfig"; sourceTree = "<group>"; };
/* End PBXFileReference section */

/* Begin PBXFrameworksBuildPhase section */
		457856872D0F0C1D00998CB5 /* Frameworks */ = {
			isa = PBXFrameworksBuildPhase;
			buildActionMask = 2147483647;
			files = (
				45091FDD2D1652F700EF8367 /* Kingfisher in Frameworks */,
				870E177E7E053CCE394D9A2E /* Pods_tune_finder_app.framework in Frameworks */,
			);
			runOnlyForDeploymentPostprocessing = 0;
		};
/* End PBXFrameworksBuildPhase section */

/* Begin PBXGroup section */
		00A1A34DC3087800E8B28077 /* Pods */ = {
			isa = PBXGroup;
			children = (
				A7A594776749DEE1ECE0E2BF /* Pods-tune-finder-app.debug.xcconfig */,
				BA31235967B3E2A85B513233 /* Pods-tune-finder-app.release.xcconfig */,
			);
			path = Pods;
			sourceTree = "<group>";
		};
		455A35312D13294F00CE3737 /* Frameworks */ = {
			isa = PBXGroup;
			children = (
				B7CD7E85B46743176DEBD857 /* Pods_tune_finder_app.framework */,
			);
			name = Frameworks;
			sourceTree = "<group>";
		};
		457856812D0F0C1D00998CB5 = {
			isa = PBXGroup;
			children = (
				4598B9AF2D22031C009FE677 /* tune-finder-app */,
				455A35312D13294F00CE3737 /* Frameworks */,
				4578568B2D0F0C1D00998CB5 /* Products */,
				00A1A34DC3087800E8B28077 /* Pods */,
			);
			sourceTree = "<group>";
		};
		4578568B2D0F0C1D00998CB5 /* Products */ = {
			isa = PBXGroup;
			children = (
				4578568A2D0F0C1D00998CB5 /* tune-finder-app.app */,
			);
			name = Products;
			sourceTree = "<group>";
		};
		4598B98B2D22031C009FE677 /* Extensions */ = {
			isa = PBXGroup;
			children = (
				4598B9872D22031C009FE677 /* String+Ext.swift */,
				4598B9882D22031C009FE677 /* UIColor+Ext.swift */,
				4598B9892D22031C009FE677 /* UIFont+Ext.swift */,
			);
			path = Extensions;
			sourceTree = "<group>";
		};
		4598B9932D22031C009FE677 /* Network */ = {
			isa = PBXGroup;
			children = (
				45D7BE082D3B28F100010084 /* Commons */,
				45D7BE052D3B268D00010084 /* Providers */,
				45D97D952D3C1F68007F2222 /* SpotifyToken */,
				45D97D8F2D3B5345007F2222 /* Network.swift */,
			);
			path = Network;
			sourceTree = "<group>";
		};
		4598B9952D22031C009FE677 /* Resources */ = {
			isa = PBXGroup;
			children = (
				4598B9942D22031C009FE677 /* Assets.xcassets */,
			);
			path = Resources;
			sourceTree = "<group>";
		};
		4598B9AF2D22031C009FE677 /* tune-finder-app */ = {
			isa = PBXGroup;
			children = (
				45D97D9E2D3C3740007F2222 /* Features */,
				4598B9932D22031C009FE677 /* Network */,
				4598B98B2D22031C009FE677 /* Extensions */,
				4598B9952D22031C009FE677 /* Resources */,
				4598B9AC2D22031C009FE677 /* AppDelegate.swift */,
				4598B9AD2D22031C009FE677 /* Info.plist */,
				4598B9AE2D22031C009FE677 /* SceneDelegate.swift */,
			);
			path = "tune-finder-app";
			sourceTree = "<group>";
		};
		45D7BE052D3B268D00010084 /* Providers */ = {
			isa = PBXGroup;
			children = (
				45D7BE062D3B26B200010084 /* AlamofireNetworkRequest.swift */,
				45D7BE0D2D3B461300010084 /* NetworkRequester.swift */,
			);
			path = Providers;
			sourceTree = "<group>";
		};
		45D7BE082D3B28F100010084 /* Commons */ = {
			isa = PBXGroup;
			children = (
				45D7BE092D3B2D5200010084 /* NetworkMethod.swift */,
				45D7BE0B2D3B33C000010084 /* NetworkParameterEncoding.swift */,
				45D97D912D3B544B007F2222 /* NetworkRequestConfigurator.swift */,
				45D97D932D3B5AAF007F2222 /* NetworkDeserialization.swift */,
				45D97D9A2D3C2155007F2222 /* NetworkBaseURL.swift */,
			);
			path = Commons;
			sourceTree = "<group>";
		};
		45D97D952D3C1F68007F2222 /* SpotifyToken */ = {
			isa = PBXGroup;
			children = (
				45D97D972D3C2022007F2222 /* Configuration */,
				45D97D962D3C201A007F2222 /* Model */,
			);
			path = SpotifyToken;
			sourceTree = "<group>";
		};
		45D97D962D3C201A007F2222 /* Model */ = {
			isa = PBXGroup;
			children = (
				4598B98E2D22031C009FE677 /* SpotifyToken.swift */,
			);
			path = Model;
			sourceTree = "<group>";
		};
		45D97D972D3C2022007F2222 /* Configuration */ = {
			isa = PBXGroup;
			children = (
				45D97D982D3C204C007F2222 /* SpotifyTokenConfiguration.swift */,
			);
			path = Configuration;
			sourceTree = "<group>";
		};
		45D97D9E2D3C3740007F2222 /* Features */ = {
			isa = PBXGroup;
			children = (
				45D97DB32D3DC579007F2222 /* Splash */,
				45D97DB82D3DC612007F2222 /* Home */,
				45D97D9F2D3C3749007F2222 /* Artists */,
				45D97DA92D3C44F8007F2222 /* Albums */,
			);
			path = Features;
			sourceTree = "<group>";
		};
		45D97D9F2D3C3749007F2222 /* Artists */ = {
			isa = PBXGroup;
			children = (
				45D97DA02D3C3756007F2222 /* Model */,
				45D97DA12D3C375B007F2222 /* Repository */,
				45D97DA22D3C3763007F2222 /* Coordinator */,
				45D97DA32D3C376B007F2222 /* ViewModel */,
				45D97DA42D3C3773007F2222 /* Views */,
			);
			path = Artists;
			sourceTree = "<group>";
		};
		45D97DA02D3C3756007F2222 /* Model */ = {
			isa = PBXGroup;
			children = (
				4598B98D2D22031C009FE677 /* ArtistsResponse.swift */,
				45D97DBB2D3DD5FB007F2222 /* Artist.swift */,
			);
			path = Model;
			sourceTree = "<group>";
		};
		45D97DA12D3C375B007F2222 /* Repository */ = {
			isa = PBXGroup;
			children = (
				45D97DA52D3C380D007F2222 /* ArtistsRepository.swift */,
				45D97DA72D3C381B007F2222 /* ArtistsConfiguration.swift */,
			);
			path = Repository;
			sourceTree = "<group>";
		};
		45D97DA22D3C3763007F2222 /* Coordinator */ = {
			isa = PBXGroup;
			children = (
				45A610112D3717230098494E /* ArtistsCoordinator.swift */,
			);
			path = Coordinator;
			sourceTree = "<group>";
		};
		45D97DA32D3C376B007F2222 /* ViewModel */ = {
			isa = PBXGroup;
			children = (
				45D97DBD2D3DD89B007F2222 /* ArtistsViewModel.swift */,
			);
			path = ViewModel;
			sourceTree = "<group>";
		};
		45D97DA42D3C3773007F2222 /* Views */ = {
			isa = PBXGroup;
			children = (
				4598B99F2D22031C009FE677 /* ListArtistsTableViewCell.swift */,
				4598B9A02D22031C009FE677 /* ListArtistsView.swift */,
				4598B9A12D22031C009FE677 /* ListArtistsViewController.swift */,
			);
			path = Views;
			sourceTree = "<group>";
		};
		45D97DA92D3C44F8007F2222 /* Albums */ = {
			isa = PBXGroup;
			children = (
				45D97DAA2D3C450C007F2222 /* Model */,
				45D97DAB2D3C4513007F2222 /* Repository */,
				45D97DAD2D3C4525007F2222 /* ViewModel */,
				45D97DAC2D3C451E007F2222 /* Views */,
			);
			path = Albums;
			sourceTree = "<group>";
		};
		45D97DAA2D3C450C007F2222 /* Model */ = {
			isa = PBXGroup;
			children = (
				4598B98C2D22031C009FE677 /* AlbumsResponse.swift */,
				45D97DC12D3F2547007F2222 /* Album.swift */,
			);
			path = Model;
			sourceTree = "<group>";
		};
		45D97DAB2D3C4513007F2222 /* Repository */ = {
			isa = PBXGroup;
			children = (
				45D97DAF2D3C45E9007F2222 /* AlbumsRepository.swift */,
				45D97DB12D3C45FC007F2222 /* AlbumsConfiguration.swift */,
			);
			path = Repository;
			sourceTree = "<group>";
		};
		45D97DAC2D3C451E007F2222 /* Views */ = {
			isa = PBXGroup;
			children = (
				4598B99B2D22031C009FE677 /* ListAlbumsTableViewCell.swift */,
				4598B99C2D22031C009FE677 /* ListAlbumsView.swift */,
				4598B99D2D22031C009FE677 /* ListAlbumsViewController.swift */,
			);
			path = Views;
			sourceTree = "<group>";
		};
		45D97DAD2D3C4525007F2222 /* ViewModel */ = {
			isa = PBXGroup;
			children = (
				45D97DBF2D3F240C007F2222 /* AlbumsViewModel.swift */,
			);
			path = ViewModel;
			sourceTree = "<group>";
		};
		45D97DB32D3DC579007F2222 /* Splash */ = {
			isa = PBXGroup;
			children = (
				45D97DB72D3DC5BE007F2222 /* Coordinator */,
				45D97DB52D3DC5A8007F2222 /* Views */,
			);
			path = Splash;
			sourceTree = "<group>";
		};
		45D97DB52D3DC5A8007F2222 /* Views */ = {
			isa = PBXGroup;
			children = (
				4598B9A52D22031C009FE677 /* SplashScreenView.swift */,
				4598B9A62D22031C009FE677 /* SplashScreenViewController.swift */,
			);
			path = Views;
			sourceTree = "<group>";
		};
		45D97DB72D3DC5BE007F2222 /* Coordinator */ = {
			isa = PBXGroup;
			children = (
				45A6100F2D370C800098494E /* StartAppCoordinator.swift */,
			);
			path = Coordinator;
			sourceTree = "<group>";
		};
		45D97DB82D3DC612007F2222 /* Home */ = {
			isa = PBXGroup;
			children = (
				45D97DB92D3DC619007F2222 /* Views */,
			);
			path = Home;
			sourceTree = "<group>";
		};
		45D97DB92D3DC619007F2222 /* Views */ = {
			isa = PBXGroup;
			children = (
				4598B9972D22031C009FE677 /* HomeView.swift */,
				4598B9982D22031C009FE677 /* HomeViewController.swift */,
			);
			path = Views;
			sourceTree = "<group>";
		};
/* End PBXGroup section */

/* Begin PBXNativeTarget section */
		457856892D0F0C1D00998CB5 /* tune-finder-app */ = {
			isa = PBXNativeTarget;
			buildConfigurationList = 4578569D2D0F0C1F00998CB5 /* Build configuration list for PBXNativeTarget "tune-finder-app" */;
			buildPhases = (
				0BED3AC484CBE90CF6432521 /* [CP] Check Pods Manifest.lock */,
				457856862D0F0C1D00998CB5 /* Sources */,
				457856872D0F0C1D00998CB5 /* Frameworks */,
				457856882D0F0C1D00998CB5 /* Resources */,
				291E9508AED3AE17AFBD89C5 /* [CP] Embed Pods Frameworks */,
			);
			buildRules = (
			);
			dependencies = (
			);
			name = "tune-finder-app";
			packageProductDependencies = (
				45091FDC2D1652F700EF8367 /* Kingfisher */,
			);
			productName = "tune-finder-app";
			productReference = 4578568A2D0F0C1D00998CB5 /* tune-finder-app.app */;
			productType = "com.apple.product-type.application";
		};
/* End PBXNativeTarget section */

/* Begin PBXProject section */
		457856822D0F0C1D00998CB5 /* Project object */ = {
			isa = PBXProject;
			attributes = {
				BuildIndependentTargetsInParallel = 1;
				LastSwiftUpdateCheck = 1620;
				LastUpgradeCheck = 1620;
				TargetAttributes = {
					457856892D0F0C1D00998CB5 = {
						CreatedOnToolsVersion = 16.2;
					};
				};
			};
			buildConfigurationList = 457856852D0F0C1D00998CB5 /* Build configuration list for PBXProject "tune-finder-app" */;
			compatibilityVersion = "Xcode 15.0";
			developmentRegion = en;
			hasScannedForEncodings = 0;
			knownRegions = (
				en,
				Base,
			);
			mainGroup = 457856812D0F0C1D00998CB5;
			minimizedProjectReferenceProxies = 1;
			packageReferences = (
				45091FDB2D1652F700EF8367 /* XCRemoteSwiftPackageReference "Kingfisher" */,
			);
			productRefGroup = 4578568B2D0F0C1D00998CB5 /* Products */;
			projectDirPath = "";
			projectRoot = "";
			targets = (
				457856892D0F0C1D00998CB5 /* tune-finder-app */,
			);
		};
/* End PBXProject section */

/* Begin PBXResourcesBuildPhase section */
		457856882D0F0C1D00998CB5 /* Resources */ = {
			isa = PBXResourcesBuildPhase;
			buildActionMask = 2147483647;
			files = (
				4598B9B02D22031C009FE677 /* Assets.xcassets in Resources */,
			);
			runOnlyForDeploymentPostprocessing = 0;
		};
/* End PBXResourcesBuildPhase section */

/* Begin PBXShellScriptBuildPhase section */
		0BED3AC484CBE90CF6432521 /* [CP] Check Pods Manifest.lock */ = {
			isa = PBXShellScriptBuildPhase;
			buildActionMask = 2147483647;
			files = (
			);
			inputFileListPaths = (
			);
			inputPaths = (
				"${PODS_PODFILE_DIR_PATH}/Podfile.lock",
				"${PODS_ROOT}/Manifest.lock",
			);
			name = "[CP] Check Pods Manifest.lock";
			outputFileListPaths = (
			);
			outputPaths = (
				"$(DERIVED_FILE_DIR)/Pods-tune-finder-app-checkManifestLockResult.txt",
			);
			runOnlyForDeploymentPostprocessing = 0;
			shellPath = /bin/sh;
			shellScript = "diff \"${PODS_PODFILE_DIR_PATH}/Podfile.lock\" \"${PODS_ROOT}/Manifest.lock\" > /dev/null\nif [ $? != 0 ] ; then\n    # print error to STDERR\n    echo \"error: The sandbox is not in sync with the Podfile.lock. Run 'pod install' or update your CocoaPods installation.\" >&2\n    exit 1\nfi\n# This output is used by Xcode 'outputs' to avoid re-running this script phase.\necho \"SUCCESS\" > \"${SCRIPT_OUTPUT_FILE_0}\"\n";
			showEnvVarsInLog = 0;
		};
		291E9508AED3AE17AFBD89C5 /* [CP] Embed Pods Frameworks */ = {
			isa = PBXShellScriptBuildPhase;
			buildActionMask = 2147483647;
			files = (
			);
			inputFileListPaths = (
				"${PODS_ROOT}/Target Support Files/Pods-tune-finder-app/Pods-tune-finder-app-frameworks-${CONFIGURATION}-input-files.xcfilelist",
			);
			name = "[CP] Embed Pods Frameworks";
			outputFileListPaths = (
				"${PODS_ROOT}/Target Support Files/Pods-tune-finder-app/Pods-tune-finder-app-frameworks-${CONFIGURATION}-output-files.xcfilelist",
			);
			runOnlyForDeploymentPostprocessing = 0;
			shellPath = /bin/sh;
			shellScript = "\"${PODS_ROOT}/Target Support Files/Pods-tune-finder-app/Pods-tune-finder-app-frameworks.sh\"\n";
			showEnvVarsInLog = 0;
		};
/* End PBXShellScriptBuildPhase section */

/* Begin PBXSourcesBuildPhase section */
		457856862D0F0C1D00998CB5 /* Sources */ = {
			isa = PBXSourcesBuildPhase;
			buildActionMask = 2147483647;
			files = (
				4598B9B72D22031C009FE677 /* String+Ext.swift in Sources */,
				4598B9B82D22031C009FE677 /* UIColor+Ext.swift in Sources */,
				4598B9B92D22031C009FE677 /* UIFont+Ext.swift in Sources */,
				4598B9BB2D22031C009FE677 /* AlbumsResponse.swift in Sources */,
				45A610102D370C800098494E /* StartAppCoordinator.swift in Sources */,
				4598B9BC2D22031C009FE677 /* ArtistsResponse.swift in Sources */,
				45D97DA62D3C380D007F2222 /* ArtistsRepository.swift in Sources */,
				45D97D922D3B544B007F2222 /* NetworkRequestConfigurator.swift in Sources */,
				45D97D9B2D3C2155007F2222 /* NetworkBaseURL.swift in Sources */,
				45D97DB22D3C45FC007F2222 /* AlbumsConfiguration.swift in Sources */,
				4598B9BD2D22031C009FE677 /* SpotifyToken.swift in Sources */,
				45D97D942D3B5AAF007F2222 /* NetworkDeserialization.swift in Sources */,
				45D97DBC2D3DD5FB007F2222 /* Artist.swift in Sources */,
				4598B9C12D22031C009FE677 /* HomeView.swift in Sources */,
				45D7BE0E2D3B461300010084 /* NetworkRequester.swift in Sources */,
				45D97D992D3C204C007F2222 /* SpotifyTokenConfiguration.swift in Sources */,
				4598B9C22D22031C009FE677 /* HomeViewController.swift in Sources */,
				4598B9C42D22031C009FE677 /* ListAlbumsTableViewCell.swift in Sources */,
				4598B9C52D22031C009FE677 /* ListAlbumsView.swift in Sources */,
				4598B9C62D22031C009FE677 /* ListAlbumsViewController.swift in Sources */,
				4598B9C72D22031C009FE677 /* ListArtistsTableViewCell.swift in Sources */,
				4598B9C82D22031C009FE677 /* ListArtistsView.swift in Sources */,
				4598B9C92D22031C009FE677 /* ListArtistsViewController.swift in Sources */,
				45D97DB02D3C45E9007F2222 /* AlbumsRepository.swift in Sources */,
				45D7BE072D3B26B200010084 /* AlamofireNetworkRequest.swift in Sources */,
				45D97DC22D3F2547007F2222 /* Album.swift in Sources */,
				45D97DBE2D3DD89B007F2222 /* ArtistsViewModel.swift in Sources */,
				45D97DA82D3C381B007F2222 /* ArtistsConfiguration.swift in Sources */,
				45D7BE0A2D3B2D5200010084 /* NetworkMethod.swift in Sources */,
				45A610122D3717230098494E /* ArtistsCoordinator.swift in Sources */,
				45D7BE0C2D3B33C000010084 /* NetworkParameterEncoding.swift in Sources */,
				45D97D902D3B5345007F2222 /* Network.swift in Sources */,
				4598B9CC2D22031C009FE677 /* SplashScreenView.swift in Sources */,
				45D97DC02D3F240C007F2222 /* AlbumsViewModel.swift in Sources */,
				4598B9CD2D22031C009FE677 /* SplashScreenViewController.swift in Sources */,
				4598B9D02D22031C009FE677 /* AppDelegate.swift in Sources */,
				4598B9D12D22031C009FE677 /* SceneDelegate.swift in Sources */,
			);
			runOnlyForDeploymentPostprocessing = 0;
		};
/* End PBXSourcesBuildPhase section */

/* Begin XCBuildConfiguration section */
		4578569E2D0F0C1F00998CB5 /* Debug */ = {
			isa = XCBuildConfiguration;
			baseConfigurationReference = A7A594776749DEE1ECE0E2BF /* Pods-tune-finder-app.debug.xcconfig */;
			buildSettings = {
				ASSETCATALOG_COMPILER_APPICON_NAME = AppIcon;
				ASSETCATALOG_COMPILER_GLOBAL_ACCENT_COLOR_NAME = AccentColor;
				CODE_SIGN_STYLE = Automatic;
				CURRENT_PROJECT_VERSION = 1;
				DEVELOPMENT_TEAM = CZM8PU3P9W;
				GENERATE_INFOPLIST_FILE = YES;
				INFOPLIST_FILE = "tune-finder-app/Info.plist";
				INFOPLIST_KEY_CFBundleDisplayName = TuneFinder;
				INFOPLIST_KEY_UIApplicationSupportsIndirectInputEvents = YES;
				INFOPLIST_KEY_UILaunchStoryboardName = LaunchScreen;
				INFOPLIST_KEY_UISupportedInterfaceOrientations = UIInterfaceOrientationPortrait;
				INFOPLIST_KEY_UISupportedInterfaceOrientations_iPad = "UIInterfaceOrientationLandscapeLeft UIInterfaceOrientationLandscapeRight UIInterfaceOrientationPortrait UIInterfaceOrientationPortraitUpsideDown";
				LD_RUNPATH_SEARCH_PATHS = (
					"$(inherited)",
					"@executable_path/Frameworks",
				);
				MARKETING_VERSION = 1.0;
				PRODUCT_BUNDLE_IDENTIFIER = "br.com.limasgeovane.tune-finder-app";
				PRODUCT_NAME = "$(TARGET_NAME)";
				SUPPORTED_PLATFORMS = "iphoneos iphonesimulator";
				SUPPORTS_MACCATALYST = NO;
				SUPPORTS_MAC_DESIGNED_FOR_IPHONE_IPAD = NO;
				SUPPORTS_XR_DESIGNED_FOR_IPHONE_IPAD = NO;
				SWIFT_EMIT_LOC_STRINGS = YES;
				SWIFT_VERSION = 5.0;
				TARGETED_DEVICE_FAMILY = 1;
			};
			name = Debug;
		};
		4578569F2D0F0C1F00998CB5 /* Release */ = {
			isa = XCBuildConfiguration;
			baseConfigurationReference = BA31235967B3E2A85B513233 /* Pods-tune-finder-app.release.xcconfig */;
			buildSettings = {
				ASSETCATALOG_COMPILER_APPICON_NAME = AppIcon;
				ASSETCATALOG_COMPILER_GLOBAL_ACCENT_COLOR_NAME = AccentColor;
				CODE_SIGN_STYLE = Automatic;
				CURRENT_PROJECT_VERSION = 1;
				DEVELOPMENT_TEAM = CZM8PU3P9W;
				GENERATE_INFOPLIST_FILE = YES;
				INFOPLIST_FILE = "tune-finder-app/Info.plist";
				INFOPLIST_KEY_CFBundleDisplayName = TuneFinder;
				INFOPLIST_KEY_UIApplicationSupportsIndirectInputEvents = YES;
				INFOPLIST_KEY_UILaunchStoryboardName = LaunchScreen;
				INFOPLIST_KEY_UISupportedInterfaceOrientations = UIInterfaceOrientationPortrait;
				INFOPLIST_KEY_UISupportedInterfaceOrientations_iPad = "UIInterfaceOrientationLandscapeLeft UIInterfaceOrientationLandscapeRight UIInterfaceOrientationPortrait UIInterfaceOrientationPortraitUpsideDown";
				LD_RUNPATH_SEARCH_PATHS = (
					"$(inherited)",
					"@executable_path/Frameworks",
				);
				MARKETING_VERSION = 1.0;
				PRODUCT_BUNDLE_IDENTIFIER = "br.com.limasgeovane.tune-finder-app";
				PRODUCT_NAME = "$(TARGET_NAME)";
				SUPPORTED_PLATFORMS = "iphoneos iphonesimulator";
				SUPPORTS_MACCATALYST = NO;
				SUPPORTS_MAC_DESIGNED_FOR_IPHONE_IPAD = NO;
				SUPPORTS_XR_DESIGNED_FOR_IPHONE_IPAD = NO;
				SWIFT_EMIT_LOC_STRINGS = YES;
				SWIFT_VERSION = 5.0;
				TARGETED_DEVICE_FAMILY = 1;
			};
			name = Release;
		};
		457856A02D0F0C1F00998CB5 /* Debug */ = {
			isa = XCBuildConfiguration;
			buildSettings = {
				ALWAYS_SEARCH_USER_PATHS = NO;
				ASSETCATALOG_COMPILER_GENERATE_SWIFT_ASSET_SYMBOL_EXTENSIONS = YES;
				CLANG_ANALYZER_NONNULL = YES;
				CLANG_ANALYZER_NUMBER_OBJECT_CONVERSION = YES_AGGRESSIVE;
				CLANG_CXX_LANGUAGE_STANDARD = "gnu++20";
				CLANG_ENABLE_MODULES = YES;
				CLANG_ENABLE_OBJC_ARC = YES;
				CLANG_ENABLE_OBJC_WEAK = YES;
				CLANG_WARN_BLOCK_CAPTURE_AUTORELEASING = YES;
				CLANG_WARN_BOOL_CONVERSION = YES;
				CLANG_WARN_COMMA = YES;
				CLANG_WARN_CONSTANT_CONVERSION = YES;
				CLANG_WARN_DEPRECATED_OBJC_IMPLEMENTATIONS = YES;
				CLANG_WARN_DIRECT_OBJC_ISA_USAGE = YES_ERROR;
				CLANG_WARN_DOCUMENTATION_COMMENTS = YES;
				CLANG_WARN_EMPTY_BODY = YES;
				CLANG_WARN_ENUM_CONVERSION = YES;
				CLANG_WARN_INFINITE_RECURSION = YES;
				CLANG_WARN_INT_CONVERSION = YES;
				CLANG_WARN_NON_LITERAL_NULL_CONVERSION = YES;
				CLANG_WARN_OBJC_IMPLICIT_RETAIN_SELF = YES;
				CLANG_WARN_OBJC_LITERAL_CONVERSION = YES;
				CLANG_WARN_OBJC_ROOT_CLASS = YES_ERROR;
				CLANG_WARN_QUOTED_INCLUDE_IN_FRAMEWORK_HEADER = YES;
				CLANG_WARN_RANGE_LOOP_ANALYSIS = YES;
				CLANG_WARN_STRICT_PROTOTYPES = YES;
				CLANG_WARN_SUSPICIOUS_MOVE = YES;
				CLANG_WARN_UNGUARDED_AVAILABILITY = YES_AGGRESSIVE;
				CLANG_WARN_UNREACHABLE_CODE = YES;
				CLANG_WARN__DUPLICATE_METHOD_MATCH = YES;
				COPY_PHASE_STRIP = NO;
				DEBUG_INFORMATION_FORMAT = dwarf;
				ENABLE_STRICT_OBJC_MSGSEND = YES;
				ENABLE_TESTABILITY = YES;
				ENABLE_USER_SCRIPT_SANDBOXING = NO;
				GCC_C_LANGUAGE_STANDARD = gnu17;
				GCC_DYNAMIC_NO_PIC = NO;
				GCC_NO_COMMON_BLOCKS = YES;
				GCC_OPTIMIZATION_LEVEL = 0;
				GCC_PREPROCESSOR_DEFINITIONS = (
					"DEBUG=1",
					"$(inherited)",
				);
				GCC_WARN_64_TO_32_BIT_CONVERSION = YES;
				GCC_WARN_ABOUT_RETURN_TYPE = YES_ERROR;
				GCC_WARN_UNDECLARED_SELECTOR = YES;
				GCC_WARN_UNINITIALIZED_AUTOS = YES_AGGRESSIVE;
				GCC_WARN_UNUSED_FUNCTION = YES;
				GCC_WARN_UNUSED_VARIABLE = YES;
				IPHONEOS_DEPLOYMENT_TARGET = 18.2;
				LOCALIZATION_PREFERS_STRING_CATALOGS = YES;
				MTL_ENABLE_DEBUG_INFO = INCLUDE_SOURCE;
				MTL_FAST_MATH = YES;
				ONLY_ACTIVE_ARCH = YES;
				SDKROOT = iphoneos;
				SWIFT_ACTIVE_COMPILATION_CONDITIONS = "DEBUG $(inherited)";
				SWIFT_OPTIMIZATION_LEVEL = "-Onone";
			};
			name = Debug;
		};
		457856A12D0F0C1F00998CB5 /* Release */ = {
			isa = XCBuildConfiguration;
			buildSettings = {
				ALWAYS_SEARCH_USER_PATHS = NO;
				ASSETCATALOG_COMPILER_GENERATE_SWIFT_ASSET_SYMBOL_EXTENSIONS = YES;
				CLANG_ANALYZER_NONNULL = YES;
				CLANG_ANALYZER_NUMBER_OBJECT_CONVERSION = YES_AGGRESSIVE;
				CLANG_CXX_LANGUAGE_STANDARD = "gnu++20";
				CLANG_ENABLE_MODULES = YES;
				CLANG_ENABLE_OBJC_ARC = YES;
				CLANG_ENABLE_OBJC_WEAK = YES;
				CLANG_WARN_BLOCK_CAPTURE_AUTORELEASING = YES;
				CLANG_WARN_BOOL_CONVERSION = YES;
				CLANG_WARN_COMMA = YES;
				CLANG_WARN_CONSTANT_CONVERSION = YES;
				CLANG_WARN_DEPRECATED_OBJC_IMPLEMENTATIONS = YES;
				CLANG_WARN_DIRECT_OBJC_ISA_USAGE = YES_ERROR;
				CLANG_WARN_DOCUMENTATION_COMMENTS = YES;
				CLANG_WARN_EMPTY_BODY = YES;
				CLANG_WARN_ENUM_CONVERSION = YES;
				CLANG_WARN_INFINITE_RECURSION = YES;
				CLANG_WARN_INT_CONVERSION = YES;
				CLANG_WARN_NON_LITERAL_NULL_CONVERSION = YES;
				CLANG_WARN_OBJC_IMPLICIT_RETAIN_SELF = YES;
				CLANG_WARN_OBJC_LITERAL_CONVERSION = YES;
				CLANG_WARN_OBJC_ROOT_CLASS = YES_ERROR;
				CLANG_WARN_QUOTED_INCLUDE_IN_FRAMEWORK_HEADER = YES;
				CLANG_WARN_RANGE_LOOP_ANALYSIS = YES;
				CLANG_WARN_STRICT_PROTOTYPES = YES;
				CLANG_WARN_SUSPICIOUS_MOVE = YES;
				CLANG_WARN_UNGUARDED_AVAILABILITY = YES_AGGRESSIVE;
				CLANG_WARN_UNREACHABLE_CODE = YES;
				CLANG_WARN__DUPLICATE_METHOD_MATCH = YES;
				COPY_PHASE_STRIP = NO;
				DEBUG_INFORMATION_FORMAT = "dwarf-with-dsym";
				ENABLE_NS_ASSERTIONS = NO;
				ENABLE_STRICT_OBJC_MSGSEND = YES;
				ENABLE_USER_SCRIPT_SANDBOXING = NO;
				GCC_C_LANGUAGE_STANDARD = gnu17;
				GCC_NO_COMMON_BLOCKS = YES;
				GCC_WARN_64_TO_32_BIT_CONVERSION = YES;
				GCC_WARN_ABOUT_RETURN_TYPE = YES_ERROR;
				GCC_WARN_UNDECLARED_SELECTOR = YES;
				GCC_WARN_UNINITIALIZED_AUTOS = YES_AGGRESSIVE;
				GCC_WARN_UNUSED_FUNCTION = YES;
				GCC_WARN_UNUSED_VARIABLE = YES;
				IPHONEOS_DEPLOYMENT_TARGET = 18.2;
				LOCALIZATION_PREFERS_STRING_CATALOGS = YES;
				MTL_ENABLE_DEBUG_INFO = NO;
				MTL_FAST_MATH = YES;
				SDKROOT = iphoneos;
				SWIFT_COMPILATION_MODE = wholemodule;
				VALIDATE_PRODUCT = YES;
			};
			name = Release;
		};
/* End XCBuildConfiguration section */

/* Begin XCConfigurationList section */
		457856852D0F0C1D00998CB5 /* Build configuration list for PBXProject "tune-finder-app" */ = {
			isa = XCConfigurationList;
			buildConfigurations = (
				457856A02D0F0C1F00998CB5 /* Debug */,
				457856A12D0F0C1F00998CB5 /* Release */,
			);
			defaultConfigurationIsVisible = 0;
			defaultConfigurationName = Release;
		};
		4578569D2D0F0C1F00998CB5 /* Build configuration list for PBXNativeTarget "tune-finder-app" */ = {
			isa = XCConfigurationList;
			buildConfigurations = (
				4578569E2D0F0C1F00998CB5 /* Debug */,
				4578569F2D0F0C1F00998CB5 /* Release */,
			);
			defaultConfigurationIsVisible = 0;
			defaultConfigurationName = Release;
		};
/* End XCConfigurationList section */

/* Begin XCRemoteSwiftPackageReference section */
		45091FDB2D1652F700EF8367 /* XCRemoteSwiftPackageReference "Kingfisher" */ = {
			isa = XCRemoteSwiftPackageReference;
			repositoryURL = "https://github.com/onevcat/Kingfisher.git";
			requirement = {
				kind = upToNextMajorVersion;
				minimumVersion = 8.1.3;
			};
		};
/* End XCRemoteSwiftPackageReference section */

/* Begin XCSwiftPackageProductDependency section */
		45091FDC2D1652F700EF8367 /* Kingfisher */ = {
			isa = XCSwiftPackageProductDependency;
			package = 45091FDB2D1652F700EF8367 /* XCRemoteSwiftPackageReference "Kingfisher" */;
			productName = Kingfisher;
		};
/* End XCSwiftPackageProductDependency section */
	};
	rootObject = 457856822D0F0C1D00998CB5 /* Project object */;
}
